// !$*UTF8*$!
{
	archiveVersion = 1;
	classes = {
	};
	objectVersion = 46;
	objects = {

/* Begin PBXBuildFile section */
		02FC4C811E166B1B00E1EF61 /* AppDelegate.swift in Sources */ = {isa = PBXBuildFile; fileRef = 02FC4C801E166B1B00E1EF61 /* AppDelegate.swift */; };
		02FC4C831E166B1B00E1EF61 /* ViewController.swift in Sources */ = {isa = PBXBuildFile; fileRef = 02FC4C821E166B1B00E1EF61 /* ViewController.swift */; };
		02FC4C881E166B1B00E1EF61 /* Assets.xcassets in Resources */ = {isa = PBXBuildFile; fileRef = 02FC4C871E166B1B00E1EF61 /* Assets.xcassets */; };
		02FC4C8B1E166B1B00E1EF61 /* LaunchScreen.storyboard in Resources */ = {isa = PBXBuildFile; fileRef = 02FC4C891E166B1B00E1EF61 /* LaunchScreen.storyboard */; };
		809EC7FD1E305ECD00E3BC4F /* BoardDetail.storyboard in Resources */ = {isa = PBXBuildFile; fileRef = 809EC7FC1E305ECD00E3BC4F /* BoardDetail.storyboard */; };
		809EC7FF1E305F6400E3BC4F /* BoardDatailViewController.swift in Sources */ = {isa = PBXBuildFile; fileRef = 809EC7FE1E305F6400E3BC4F /* BoardDatailViewController.swift */; };
		809EC8011E30641B00E3BC4F /* BoardCreateViewController.swift in Sources */ = {isa = PBXBuildFile; fileRef = 809EC8001E30641B00E3BC4F /* BoardCreateViewController.swift */; };
		809EC8031E30644900E3BC4F /* BoardCreate.storyboard in Resources */ = {isa = PBXBuildFile; fileRef = 809EC8021E30644900E3BC4F /* BoardCreate.storyboard */; };
		8E3D54921E22372E00163BA0 /* ChatLogViewController.swift in Sources */ = {isa = PBXBuildFile; fileRef = 8E3D54911E22372E00163BA0 /* ChatLogViewController.swift */; };
		8E408EF41E1FD07A00A7B38C /* ChatViewController.swift in Sources */ = {isa = PBXBuildFile; fileRef = 8E408EEC1E1FD07A00A7B38C /* ChatViewController.swift */; };
		8E408EF51E1FD07A00A7B38C /* CustomButton.swift in Sources */ = {isa = PBXBuildFile; fileRef = 8E408EED1E1FD07A00A7B38C /* CustomButton.swift */; };
		8E408EF61E1FD07A00A7B38C /* CustomNavigationSegue.swift in Sources */ = {isa = PBXBuildFile; fileRef = 8E408EEE1E1FD07A00A7B38C /* CustomNavigationSegue.swift */; };
		8E408EF71E1FD07A00A7B38C /* CustomTabBarController.swift in Sources */ = {isa = PBXBuildFile; fileRef = 8E408EEF1E1FD07A00A7B38C /* CustomTabBarController.swift */; };
		8E408EF81E1FD07A00A7B38C /* MainViewController.swift in Sources */ = {isa = PBXBuildFile; fileRef = 8E408EF01E1FD07A00A7B38C /* MainViewController.swift */; };
		8E408EF91E1FD07A00A7B38C /* MileStone.storyboard in Resources */ = {isa = PBXBuildFile; fileRef = 8E408EF11E1FD07A00A7B38C /* MileStone.storyboard */; };
		8E408EFA1E1FD07A00A7B38C /* Setting.storyboard in Resources */ = {isa = PBXBuildFile; fileRef = 8E408EF21E1FD07A00A7B38C /* Setting.storyboard */; };
		8E408EFB1E1FD07A00A7B38C /* UserList.storyboard in Resources */ = {isa = PBXBuildFile; fileRef = 8E408EF31E1FD07A00A7B38C /* UserList.storyboard */; };
		8E408EFF1E1FD63F00A7B38C /* Board.storyboard in Resources */ = {isa = PBXBuildFile; fileRef = 8E408EFE1E1FD63F00A7B38C /* Board.storyboard */; };
		8E408F061E1FF2F100A7B38C /* LoginViewController.swift in Sources */ = {isa = PBXBuildFile; fileRef = 8E408F051E1FF2F100A7B38C /* LoginViewController.swift */; };
		8E46F42D1E41AA64002F6E60 /* GroupViewController.swift in Sources */ = {isa = PBXBuildFile; fileRef = 8E46F42C1E41AA64002F6E60 /* GroupViewController.swift */; };
		8E46F4411E45F009002F6E60 /* attachment [#1575].png in Resources */ = {isa = PBXBuildFile; fileRef = 8E46F42F1E45F009002F6E60 /* attachment [#1575].png */; };
		8E46F4421E45F009002F6E60 /* attachment [#1575]@1x.png in Resources */ = {isa = PBXBuildFile; fileRef = 8E46F4301E45F009002F6E60 /* attachment [#1575]@1x.png */; };
		8E46F4431E45F009002F6E60 /* attachment [#1575]@3x.png in Resources */ = {isa = PBXBuildFile; fileRef = 8E46F4311E45F009002F6E60 /* attachment [#1575]@3x.png */; };
		8E46F4441E45F009002F6E60 /* done [#1476].png in Resources */ = {isa = PBXBuildFile; fileRef = 8E46F4321E45F009002F6E60 /* done [#1476].png */; };
		8E46F4451E45F009002F6E60 /* done [#1476]@1x.png in Resources */ = {isa = PBXBuildFile; fileRef = 8E46F4331E45F009002F6E60 /* done [#1476]@1x.png */; };
		8E46F4461E45F009002F6E60 /* done [#1476]@3x.png in Resources */ = {isa = PBXBuildFile; fileRef = 8E46F4341E45F009002F6E60 /* done [#1476]@3x.png */; };
		8E46F4471E45F009002F6E60 /* list [#1422].png in Resources */ = {isa = PBXBuildFile; fileRef = 8E46F4351E45F009002F6E60 /* list [#1422].png */; };
		8E46F4481E45F009002F6E60 /* list [#1422]@1x.png in Resources */ = {isa = PBXBuildFile; fileRef = 8E46F4361E45F009002F6E60 /* list [#1422]@1x.png */; };
		8E46F4491E45F009002F6E60 /* list [#1422]@3x.png in Resources */ = {isa = PBXBuildFile; fileRef = 8E46F4371E45F009002F6E60 /* list [#1422]@3x.png */; };
		8E46F44A1E45F009002F6E60 /* message [#1579].png in Resources */ = {isa = PBXBuildFile; fileRef = 8E46F4381E45F009002F6E60 /* message [#1579].png */; };
		8E46F44B1E45F009002F6E60 /* message [#1579]@1x.png in Resources */ = {isa = PBXBuildFile; fileRef = 8E46F4391E45F009002F6E60 /* message [#1579]@1x.png */; };
		8E46F44C1E45F009002F6E60 /* message [#1579]@3x.png in Resources */ = {isa = PBXBuildFile; fileRef = 8E46F43A1E45F009002F6E60 /* message [#1579]@3x.png */; };
		8E46F44D1E45F009002F6E60 /* profile [#1335].png in Resources */ = {isa = PBXBuildFile; fileRef = 8E46F43B1E45F009002F6E60 /* profile [#1335].png */; };
		8E46F44E1E45F009002F6E60 /* profile [#1335]@1x.png in Resources */ = {isa = PBXBuildFile; fileRef = 8E46F43C1E45F009002F6E60 /* profile [#1335]@1x.png */; };
		8E46F44F1E45F009002F6E60 /* profile [#1335]@3x.png in Resources */ = {isa = PBXBuildFile; fileRef = 8E46F43D1E45F009002F6E60 /* profile [#1335]@3x.png */; };
		8E46F4501E45F009002F6E60 /* settings [#1491].png in Resources */ = {isa = PBXBuildFile; fileRef = 8E46F43E1E45F009002F6E60 /* settings [#1491].png */; };
		8E46F4511E45F009002F6E60 /* settings [#1491]@1x.png in Resources */ = {isa = PBXBuildFile; fileRef = 8E46F43F1E45F009002F6E60 /* settings [#1491]@1x.png */; };
		8E46F4521E45F009002F6E60 /* settings [#1491]@3x.png in Resources */ = {isa = PBXBuildFile; fileRef = 8E46F4401E45F009002F6E60 /* settings [#1491]@3x.png */; };
		8E46F4561E45F0E7002F6E60 /* menu_option [#1374]@1x.png in Resources */ = {isa = PBXBuildFile; fileRef = 8E46F4531E45F0E7002F6E60 /* menu_option [#1374]@1x.png */; };
		8E46F4571E45F0E7002F6E60 /* menu_option [#1374]@2x.png in Resources */ = {isa = PBXBuildFile; fileRef = 8E46F4541E45F0E7002F6E60 /* menu_option [#1374]@2x.png */; };
		8E46F4581E45F0E7002F6E60 /* menu_option [#1374]@3x.png in Resources */ = {isa = PBXBuildFile; fileRef = 8E46F4551E45F0E7002F6E60 /* menu_option [#1374]@3x.png */; };
		8E46F45C1E45F1A1002F6E60 /* 30. User.png in Resources */ = {isa = PBXBuildFile; fileRef = 8E46F4591E45F1A1002F6E60 /* 30. User.png */; };
		8E46F45D1E45F1A1002F6E60 /* 30. User@2x.png in Resources */ = {isa = PBXBuildFile; fileRef = 8E46F45A1E45F1A1002F6E60 /* 30. User@2x.png */; };
		8E46F45E1E45F1A1002F6E60 /* 30. User@3x.png in Resources */ = {isa = PBXBuildFile; fileRef = 8E46F45B1E45F1A1002F6E60 /* 30. User@3x.png */; };
		8E46F5151E517250002F6E60 /* Main.storyboard in Resources */ = {isa = PBXBuildFile; fileRef = 8E46F5141E517250002F6E60 /* Main.storyboard */; };
		8E523B1F1EA49F4D00146D74 /* Common.swift in Sources */ = {isa = PBXBuildFile; fileRef = 8E523B1E1EA49F4D00146D74 /* Common.swift */; };
		8E523B301EA5EDAA00146D74 /* account-circle.png in Resources */ = {isa = PBXBuildFile; fileRef = 8E523B211EA5EDAA00146D74 /* account-circle.png */; };
		8E523B311EA5EDAA00146D74 /* account-circle@2x.png in Resources */ = {isa = PBXBuildFile; fileRef = 8E523B221EA5EDAA00146D74 /* account-circle@2x.png */; };
		8E523B321EA5EDAA00146D74 /* account-circle@3x.png in Resources */ = {isa = PBXBuildFile; fileRef = 8E523B231EA5EDAA00146D74 /* account-circle@3x.png */; };
		8E523B331EA5EDAA00146D74 /* check-circle-outline.png in Resources */ = {isa = PBXBuildFile; fileRef = 8E523B241EA5EDAA00146D74 /* check-circle-outline.png */; };
		8E523B341EA5EDAA00146D74 /* check-circle-outline@2x.png in Resources */ = {isa = PBXBuildFile; fileRef = 8E523B251EA5EDAA00146D74 /* check-circle-outline@2x.png */; };
		8E523B351EA5EDAA00146D74 /* check-circle-outline@3x.png in Resources */ = {isa = PBXBuildFile; fileRef = 8E523B261EA5EDAA00146D74 /* check-circle-outline@3x.png */; };
		8E523B361EA5EDAA00146D74 /* messenger.png in Resources */ = {isa = PBXBuildFile; fileRef = 8E523B271EA5EDAA00146D74 /* messenger.png */; };
		8E523B371EA5EDAA00146D74 /* messenger@2x.png in Resources */ = {isa = PBXBuildFile; fileRef = 8E523B281EA5EDAA00146D74 /* messenger@2x.png */; };
		8E523B381EA5EDAA00146D74 /* messenger@3x.png in Resources */ = {isa = PBXBuildFile; fileRef = 8E523B291EA5EDAA00146D74 /* messenger@3x.png */; };
		8E523B391EA5EDAA00146D74 /* Setting.png in Resources */ = {isa = PBXBuildFile; fileRef = 8E523B2A1EA5EDAA00146D74 /* Setting.png */; };
		8E523B3A1EA5EDAA00146D74 /* Setting@2x.png in Resources */ = {isa = PBXBuildFile; fileRef = 8E523B2B1EA5EDAA00146D74 /* Setting@2x.png */; };
		8E523B3B1EA5EDAA00146D74 /* Setting@3x.png in Resources */ = {isa = PBXBuildFile; fileRef = 8E523B2C1EA5EDAA00146D74 /* Setting@3x.png */; };
		8E523B3C1EA5EDAA00146D74 /* view-headline.png in Resources */ = {isa = PBXBuildFile; fileRef = 8E523B2D1EA5EDAA00146D74 /* view-headline.png */; };
		8E523B3D1EA5EDAA00146D74 /* view-headline@2x.png in Resources */ = {isa = PBXBuildFile; fileRef = 8E523B2E1EA5EDAA00146D74 /* view-headline@2x.png */; };
		8E523B3E1EA5EDAA00146D74 /* view-headline@3x.png in Resources */ = {isa = PBXBuildFile; fileRef = 8E523B2F1EA5EDAA00146D74 /* view-headline@3x.png */; };
		8E523B481EA5EF0600146D74 /* menu.png in Resources */ = {isa = PBXBuildFile; fileRef = 8E523B3F1EA5EF0600146D74 /* menu.png */; };
		8E523B491EA5EF0600146D74 /* menu@2x.png in Resources */ = {isa = PBXBuildFile; fileRef = 8E523B401EA5EF0600146D74 /* menu@2x.png */; };
		8E523B4A1EA5EF0600146D74 /* menu@3x.png in Resources */ = {isa = PBXBuildFile; fileRef = 8E523B411EA5EF0600146D74 /* menu@3x.png */; };
		8E523B4B1EA5EF0600146D74 /* Rectangle 38.png in Resources */ = {isa = PBXBuildFile; fileRef = 8E523B421EA5EF0600146D74 /* Rectangle 38.png */; };
		8E523B4C1EA5EF0600146D74 /* Rectangle 38@2x.png in Resources */ = {isa = PBXBuildFile; fileRef = 8E523B431EA5EF0600146D74 /* Rectangle 38@2x.png */; };
		8E523B4D1EA5EF0600146D74 /* Rectangle 38@3x.png in Resources */ = {isa = PBXBuildFile; fileRef = 8E523B441EA5EF0600146D74 /* Rectangle 38@3x.png */; };
		8E523B4E1EA5EF0600146D74 /* Home.png in Resources */ = {isa = PBXBuildFile; fileRef = 8E523B451EA5EF0600146D74 /* Home.png */; };
		8E523B4F1EA5EF0600146D74 /* Home@2x.png in Resources */ = {isa = PBXBuildFile; fileRef = 8E523B461EA5EF0600146D74 /* Home@2x.png */; };
		8E523B501EA5EF0600146D74 /* Home@3x.png in Resources */ = {isa = PBXBuildFile; fileRef = 8E523B471EA5EF0600146D74 /* Home@3x.png */; };
		8E523B6B1EA5F6D600146D74 /* HomeWhite.png in Resources */ = {isa = PBXBuildFile; fileRef = 8E523B531EA5F6D600146D74 /* HomeWhite.png */; };
		8E523B6C1EA5F6D600146D74 /* HomeWhite@2x.png in Resources */ = {isa = PBXBuildFile; fileRef = 8E523B541EA5F6D600146D74 /* HomeWhite@2x.png */; };
		8E523B6D1EA5F6D600146D74 /* HomeWhite@3x.png in Resources */ = {isa = PBXBuildFile; fileRef = 8E523B551EA5F6D600146D74 /* HomeWhite@3x.png */; };
		8E523B6E1EA5F6D600146D74 /* settingWhite.png in Resources */ = {isa = PBXBuildFile; fileRef = 8E523B561EA5F6D600146D74 /* settingWhite.png */; };
		8E523B6F1EA5F6D600146D74 /* settingWhite@2x.png in Resources */ = {isa = PBXBuildFile; fileRef = 8E523B571EA5F6D600146D74 /* settingWhite@2x.png */; };
		8E523B701EA5F6D600146D74 /* settingWhite@3x.png in Resources */ = {isa = PBXBuildFile; fileRef = 8E523B581EA5F6D600146D74 /* settingWhite@3x.png */; };
		8E523B711EA5F6D600146D74 /* white-account-circle.png in Resources */ = {isa = PBXBuildFile; fileRef = 8E523B591EA5F6D600146D74 /* white-account-circle.png */; };
		8E523B721EA5F6D600146D74 /* white-account-circle@2x.png in Resources */ = {isa = PBXBuildFile; fileRef = 8E523B5A1EA5F6D600146D74 /* white-account-circle@2x.png */; };
		8E523B731EA5F6D600146D74 /* white-account-circle@3x.png in Resources */ = {isa = PBXBuildFile; fileRef = 8E523B5B1EA5F6D600146D74 /* white-account-circle@3x.png */; };
		8E523B741EA5F6D600146D74 /* white-check-circle-outline.png in Resources */ = {isa = PBXBuildFile; fileRef = 8E523B5C1EA5F6D600146D74 /* white-check-circle-outline.png */; };
		8E523B751EA5F6D600146D74 /* white-check-circle-outline@2x.png in Resources */ = {isa = PBXBuildFile; fileRef = 8E523B5D1EA5F6D600146D74 /* white-check-circle-outline@2x.png */; };
		8E523B761EA5F6D600146D74 /* white-check-circle-outline@3x.png in Resources */ = {isa = PBXBuildFile; fileRef = 8E523B5E1EA5F6D600146D74 /* white-check-circle-outline@3x.png */; };
		8E523B771EA5F6D600146D74 /* white-messenger.png in Resources */ = {isa = PBXBuildFile; fileRef = 8E523B5F1EA5F6D600146D74 /* white-messenger.png */; };
		8E523B781EA5F6D600146D74 /* white-messenger@2x.png in Resources */ = {isa = PBXBuildFile; fileRef = 8E523B601EA5F6D600146D74 /* white-messenger@2x.png */; };
		8E523B791EA5F6D600146D74 /* white-messenger@3x.png in Resources */ = {isa = PBXBuildFile; fileRef = 8E523B611EA5F6D600146D74 /* white-messenger@3x.png */; };
		8E523B7A1EA5F6D600146D74 /* white-pen.png in Resources */ = {isa = PBXBuildFile; fileRef = 8E523B621EA5F6D600146D74 /* white-pen.png */; };
		8E523B7B1EA5F6D600146D74 /* white-pen@2x.png in Resources */ = {isa = PBXBuildFile; fileRef = 8E523B631EA5F6D600146D74 /* white-pen@2x.png */; };
		8E523B7C1EA5F6D600146D74 /* white-pen@3x.png in Resources */ = {isa = PBXBuildFile; fileRef = 8E523B641EA5F6D600146D74 /* white-pen@3x.png */; };
		8E523B7D1EA5F6D600146D74 /* white-thumb-up.png in Resources */ = {isa = PBXBuildFile; fileRef = 8E523B651EA5F6D600146D74 /* white-thumb-up.png */; };
		8E523B7E1EA5F6D600146D74 /* white-thumb-up@2x.png in Resources */ = {isa = PBXBuildFile; fileRef = 8E523B661EA5F6D600146D74 /* white-thumb-up@2x.png */; };
		8E523B7F1EA5F6D600146D74 /* white-thumb-up@3x.png in Resources */ = {isa = PBXBuildFile; fileRef = 8E523B671EA5F6D600146D74 /* white-thumb-up@3x.png */; };
		8E523B801EA5F6D600146D74 /* white-view-headline.png in Resources */ = {isa = PBXBuildFile; fileRef = 8E523B681EA5F6D600146D74 /* white-view-headline.png */; };
		8E523B811EA5F6D600146D74 /* white-view-headline@2x.png in Resources */ = {isa = PBXBuildFile; fileRef = 8E523B691EA5F6D600146D74 /* white-view-headline@2x.png */; };
		8E523B821EA5F6D600146D74 /* white-view-headline@3x.png in Resources */ = {isa = PBXBuildFile; fileRef = 8E523B6A1EA5F6D600146D74 /* white-view-headline@3x.png */; };
		8E523B861EA60AC300146D74 /* Share.png in Resources */ = {isa = PBXBuildFile; fileRef = 8E523B831EA60AC300146D74 /* Share.png */; };
		8E523B871EA60AC300146D74 /* Share@2x.png in Resources */ = {isa = PBXBuildFile; fileRef = 8E523B841EA60AC300146D74 /* Share@2x.png */; };
		8E523B881EA60AC300146D74 /* Share@3x.png in Resources */ = {isa = PBXBuildFile; fileRef = 8E523B851EA60AC300146D74 /* Share@3x.png */; };
		8E523B8C1EA60B4200146D74 /* thumb-up.png in Resources */ = {isa = PBXBuildFile; fileRef = 8E523B891EA60B4200146D74 /* thumb-up.png */; };
		8E523B8D1EA60B4200146D74 /* thumb-up@2x.png in Resources */ = {isa = PBXBuildFile; fileRef = 8E523B8A1EA60B4200146D74 /* thumb-up@2x.png */; };
		8E523B8E1EA60B4200146D74 /* thumb-up@3x.png in Resources */ = {isa = PBXBuildFile; fileRef = 8E523B8B1EA60B4200146D74 /* thumb-up@3x.png */; };
		8E523B981EA6145B00146D74 /* likebutton.png in Resources */ = {isa = PBXBuildFile; fileRef = 8E523B8F1EA6145B00146D74 /* likebutton.png */; };
		8E523B991EA6145B00146D74 /* likebutton@2x.png in Resources */ = {isa = PBXBuildFile; fileRef = 8E523B901EA6145B00146D74 /* likebutton@2x.png */; };
		8E523B9A1EA6145B00146D74 /* likebutton@3x.png in Resources */ = {isa = PBXBuildFile; fileRef = 8E523B911EA6145B00146D74 /* likebutton@3x.png */; };
		8E523B9B1EA6145B00146D74 /* replyimage.png in Resources */ = {isa = PBXBuildFile; fileRef = 8E523B921EA6145B00146D74 /* replyimage.png */; };
		8E523B9C1EA6145B00146D74 /* replyimage@2x.png in Resources */ = {isa = PBXBuildFile; fileRef = 8E523B931EA6145B00146D74 /* replyimage@2x.png */; };
		8E523B9D1EA6145B00146D74 /* replyimage@3x.png in Resources */ = {isa = PBXBuildFile; fileRef = 8E523B941EA6145B00146D74 /* replyimage@3x.png */; };
		8E523B9E1EA6145B00146D74 /* ShareImage.png in Resources */ = {isa = PBXBuildFile; fileRef = 8E523B951EA6145B00146D74 /* ShareImage.png */; };
		8E523B9F1EA6145B00146D74 /* ShareImage@2x.png in Resources */ = {isa = PBXBuildFile; fileRef = 8E523B961EA6145B00146D74 /* ShareImage@2x.png */; };
		8E523BA01EA6145B00146D74 /* ShareImage@3x.png in Resources */ = {isa = PBXBuildFile; fileRef = 8E523B971EA6145B00146D74 /* ShareImage@3x.png */; };
		8E523BAA1EA61E4C00146D74 /* likebuttonSel@3x.png in Resources */ = {isa = PBXBuildFile; fileRef = 8E523BA71EA61E4C00146D74 /* likebuttonSel@3x.png */; };
		8E523BAB1EA61E4C00146D74 /* likebuttonSel.png in Resources */ = {isa = PBXBuildFile; fileRef = 8E523BA81EA61E4C00146D74 /* likebuttonSel.png */; };
		8E523BAC1EA61E4C00146D74 /* likebuttonSel@2x.png in Resources */ = {isa = PBXBuildFile; fileRef = 8E523BA91EA61E4C00146D74 /* likebuttonSel@2x.png */; };
		8E523BB01EA620B600146D74 /* menuWhite@1x.png in Resources */ = {isa = PBXBuildFile; fileRef = 8E523BAD1EA620B600146D74 /* menuWhite@1x.png */; };
		8E523BB11EA620B600146D74 /* menuWhite@2x.png in Resources */ = {isa = PBXBuildFile; fileRef = 8E523BAE1EA620B600146D74 /* menuWhite@2x.png */; };
		8E523BB21EA620B600146D74 /* menuWhite@3x.png in Resources */ = {isa = PBXBuildFile; fileRef = 8E523BAF1EA620B600146D74 /* menuWhite@3x.png */; };
		8E5499C51E790DA800B2396A /* BoardTableViewController.swift in Sources */ = {isa = PBXBuildFile; fileRef = 8E5499C41E790DA800B2396A /* BoardTableViewController.swift */; };
		8E5499D01E7ADAB100B2396A /* BoardTableCell.swift in Sources */ = {isa = PBXBuildFile; fileRef = 8E5499CE1E7ADAB100B2396A /* BoardTableCell.swift */; };
		8E5499D11E7ADAB100B2396A /* NoticeTableCell.swift in Sources */ = {isa = PBXBuildFile; fileRef = 8E5499CF1E7ADAB100B2396A /* NoticeTableCell.swift */; };
		8E5499D31E7ADABF00B2396A /* Board2.storyboard in Resources */ = {isa = PBXBuildFile; fileRef = 8E5499D21E7ADABF00B2396A /* Board2.storyboard */; };
		8E68FC011E2FA63400AB058C /* TestViewController.swift in Sources */ = {isa = PBXBuildFile; fileRef = 8E68FC001E2FA63400AB058C /* TestViewController.swift */; };
		8E68FC041E333FAB00AB058C /* NoticeObject.swift in Sources */ = {isa = PBXBuildFile; fileRef = 8E68FC031E333FAB00AB058C /* NoticeObject.swift */; };
		8E68FC081E36737800AB058C /* BoardObject.swift in Sources */ = {isa = PBXBuildFile; fileRef = 8E68FC071E36737800AB058C /* BoardObject.swift */; };
		8E7863B71E206BE2006062C7 /* GoogleService-Info.plist in Resources */ = {isa = PBXBuildFile; fileRef = 8E7863B61E206BE2006062C7 /* GoogleService-Info.plist */; };
		8EE3E3A61E9C5C7B0030C684 /* GroupSettingController.swift in Sources */ = {isa = PBXBuildFile; fileRef = 8EE3E3A51E9C5C7B0030C684 /* GroupSettingController.swift */; };
		8EF338CB1E56F5DE00680710 /* GroupCreateViewController.swift in Sources */ = {isa = PBXBuildFile; fileRef = 8EF338CA1E56F5DE00680710 /* GroupCreateViewController.swift */; };
		8EF338E31E5F58ED00680710 /* BoardCell.swift in Sources */ = {isa = PBXBuildFile; fileRef = 8EF338E21E5F58ED00680710 /* BoardCell.swift */; };
		8EF338E51E5F592900680710 /* NoticeCell.swift in Sources */ = {isa = PBXBuildFile; fileRef = 8EF338E41E5F592900680710 /* NoticeCell.swift */; };
		8EF51B231E964EF400949825 /* Camera-100.png in Resources */ = {isa = PBXBuildFile; fileRef = 8EF51B221E964EF400949825 /* Camera-100.png */; };
		EAEC83430219D128C6F4DE90 /* Pods_SwiftStudio.framework in Frameworks */ = {isa = PBXBuildFile; fileRef = 44CA5C99B5C87210A9C2FEE1 /* Pods_SwiftStudio.framework */; };
		F63DF6571E5D6BF400095E27 /* MileCreate.storyboard in Resources */ = {isa = PBXBuildFile; fileRef = F63DF6561E5D6BF400095E27 /* MileCreate.storyboard */; };
		F63DF6591E5D6BFA00095E27 /* MileDetail.storyboard in Resources */ = {isa = PBXBuildFile; fileRef = F63DF6581E5D6BFA00095E27 /* MileDetail.storyboard */; };
		F63DF65B1E5D6C0100095E27 /* MileObject.swift in Sources */ = {isa = PBXBuildFile; fileRef = F63DF65A1E5D6C0100095E27 /* MileObject.swift */; };
		F63DF65D1E5D6C0800095E27 /* MileStoneCreateViewController.swift in Sources */ = {isa = PBXBuildFile; fileRef = F63DF65C1E5D6C0800095E27 /* MileStoneCreateViewController.swift */; };
		F63DF65F1E5D6C0D00095E27 /* MileStoneDetailViewController.swift in Sources */ = {isa = PBXBuildFile; fileRef = F63DF65E1E5D6C0D00095E27 /* MileStoneDetailViewController.swift */; };
		F63DF6621E5D6C1B00095E27 /* CustomMileStoneDetailViewTableViewCell.swift in Sources */ = {isa = PBXBuildFile; fileRef = F63DF6601E5D6C1B00095E27 /* CustomMileStoneDetailViewTableViewCell.swift */; };
		F63DF6631E5D6C1B00095E27 /* CustomMileStoneViewControllerTableViewCell.swift in Sources */ = {isa = PBXBuildFile; fileRef = F63DF6611E5D6C1B00095E27 /* CustomMileStoneViewControllerTableViewCell.swift */; };
		F63DF6651E5D6C4300095E27 /* testMileController.swift in Sources */ = {isa = PBXBuildFile; fileRef = F63DF6641E5D6C4300095E27 /* testMileController.swift */; };
		F6B2F9081E27537600E0A1BD /* MileStoneViewController.swift in Sources */ = {isa = PBXBuildFile; fileRef = F6B2F9071E27537600E0A1BD /* MileStoneViewController.swift */; };
/* End PBXBuildFile section */

/* Begin PBXFileReference section */
		00886F2C53CE8FE7124D7783 /* Pods-SwiftStudio.release.xcconfig */ = {isa = PBXFileReference; includeInIndex = 1; lastKnownFileType = text.xcconfig; name = "Pods-SwiftStudio.release.xcconfig"; path = "Pods/Target Support Files/Pods-SwiftStudio/Pods-SwiftStudio.release.xcconfig"; sourceTree = "<group>"; };
		02FC4C7D1E166B1B00E1EF61 /* SwiftStudio.app */ = {isa = PBXFileReference; explicitFileType = wrapper.application; includeInIndex = 0; path = SwiftStudio.app; sourceTree = BUILT_PRODUCTS_DIR; };
		02FC4C801E166B1B00E1EF61 /* AppDelegate.swift */ = {isa = PBXFileReference; lastKnownFileType = sourcecode.swift; path = AppDelegate.swift; sourceTree = "<group>"; };
		02FC4C821E166B1B00E1EF61 /* ViewController.swift */ = {isa = PBXFileReference; lastKnownFileType = sourcecode.swift; path = ViewController.swift; sourceTree = "<group>"; };
		02FC4C871E166B1B00E1EF61 /* Assets.xcassets */ = {isa = PBXFileReference; lastKnownFileType = folder.assetcatalog; path = Assets.xcassets; sourceTree = "<group>"; };
		02FC4C8A1E166B1B00E1EF61 /* Base */ = {isa = PBXFileReference; lastKnownFileType = file.storyboard; name = Base; path = Base.lproj/LaunchScreen.storyboard; sourceTree = "<group>"; };
		02FC4C8C1E166B1B00E1EF61 /* Info.plist */ = {isa = PBXFileReference; lastKnownFileType = text.plist.xml; path = Info.plist; sourceTree = "<group>"; };
		44CA5C99B5C87210A9C2FEE1 /* Pods_SwiftStudio.framework */ = {isa = PBXFileReference; explicitFileType = wrapper.framework; includeInIndex = 0; path = Pods_SwiftStudio.framework; sourceTree = BUILT_PRODUCTS_DIR; };
		7E001633EDC68637FE8613D3 /* Pods-SwiftStudio.debug.xcconfig */ = {isa = PBXFileReference; includeInIndex = 1; lastKnownFileType = text.xcconfig; name = "Pods-SwiftStudio.debug.xcconfig"; path = "Pods/Target Support Files/Pods-SwiftStudio/Pods-SwiftStudio.debug.xcconfig"; sourceTree = "<group>"; };
		809EC7FC1E305ECD00E3BC4F /* BoardDetail.storyboard */ = {isa = PBXFileReference; fileEncoding = 4; lastKnownFileType = file.storyboard; path = BoardDetail.storyboard; sourceTree = "<group>"; };
		809EC7FE1E305F6400E3BC4F /* BoardDatailViewController.swift */ = {isa = PBXFileReference; fileEncoding = 4; lastKnownFileType = sourcecode.swift; path = BoardDatailViewController.swift; sourceTree = "<group>"; };
		809EC8001E30641B00E3BC4F /* BoardCreateViewController.swift */ = {isa = PBXFileReference; fileEncoding = 4; lastKnownFileType = sourcecode.swift; path = BoardCreateViewController.swift; sourceTree = "<group>"; };
		809EC8021E30644900E3BC4F /* BoardCreate.storyboard */ = {isa = PBXFileReference; fileEncoding = 4; lastKnownFileType = file.storyboard; path = BoardCreate.storyboard; sourceTree = "<group>"; };
		8E3D54911E22372E00163BA0 /* ChatLogViewController.swift */ = {isa = PBXFileReference; fileEncoding = 4; lastKnownFileType = sourcecode.swift; path = ChatLogViewController.swift; sourceTree = "<group>"; };
		8E408EEC1E1FD07A00A7B38C /* ChatViewController.swift */ = {isa = PBXFileReference; fileEncoding = 4; lastKnownFileType = sourcecode.swift; path = ChatViewController.swift; sourceTree = "<group>"; };
		8E408EED1E1FD07A00A7B38C /* CustomButton.swift */ = {isa = PBXFileReference; fileEncoding = 4; lastKnownFileType = sourcecode.swift; path = CustomButton.swift; sourceTree = "<group>"; };
		8E408EEE1E1FD07A00A7B38C /* CustomNavigationSegue.swift */ = {isa = PBXFileReference; fileEncoding = 4; lastKnownFileType = sourcecode.swift; path = CustomNavigationSegue.swift; sourceTree = "<group>"; };
		8E408EEF1E1FD07A00A7B38C /* CustomTabBarController.swift */ = {isa = PBXFileReference; fileEncoding = 4; lastKnownFileType = sourcecode.swift; path = CustomTabBarController.swift; sourceTree = "<group>"; };
		8E408EF01E1FD07A00A7B38C /* MainViewController.swift */ = {isa = PBXFileReference; fileEncoding = 4; lastKnownFileType = sourcecode.swift; path = MainViewController.swift; sourceTree = "<group>"; };
		8E408EF11E1FD07A00A7B38C /* MileStone.storyboard */ = {isa = PBXFileReference; fileEncoding = 4; lastKnownFileType = file.storyboard; path = MileStone.storyboard; sourceTree = "<group>"; };
		8E408EF21E1FD07A00A7B38C /* Setting.storyboard */ = {isa = PBXFileReference; fileEncoding = 4; lastKnownFileType = file.storyboard; path = Setting.storyboard; sourceTree = "<group>"; };
		8E408EF31E1FD07A00A7B38C /* UserList.storyboard */ = {isa = PBXFileReference; fileEncoding = 4; lastKnownFileType = file.storyboard; path = UserList.storyboard; sourceTree = "<group>"; };
		8E408EFE1E1FD63F00A7B38C /* Board.storyboard */ = {isa = PBXFileReference; fileEncoding = 4; lastKnownFileType = file.storyboard; path = Board.storyboard; sourceTree = "<group>"; };
		8E408F051E1FF2F100A7B38C /* LoginViewController.swift */ = {isa = PBXFileReference; fileEncoding = 4; lastKnownFileType = sourcecode.swift; path = LoginViewController.swift; sourceTree = "<group>"; };
		8E46F42C1E41AA64002F6E60 /* GroupViewController.swift */ = {isa = PBXFileReference; fileEncoding = 4; lastKnownFileType = sourcecode.swift; path = GroupViewController.swift; sourceTree = "<group>"; };
		8E46F42F1E45F009002F6E60 /* attachment [#1575].png */ = {isa = PBXFileReference; lastKnownFileType = image.png; path = "attachment [#1575].png"; sourceTree = "<group>"; };
		8E46F4301E45F009002F6E60 /* attachment [#1575]@1x.png */ = {isa = PBXFileReference; lastKnownFileType = image.png; path = "attachment [#1575]@1x.png"; sourceTree = "<group>"; };
		8E46F4311E45F009002F6E60 /* attachment [#1575]@3x.png */ = {isa = PBXFileReference; lastKnownFileType = image.png; path = "attachment [#1575]@3x.png"; sourceTree = "<group>"; };
		8E46F4321E45F009002F6E60 /* done [#1476].png */ = {isa = PBXFileReference; lastKnownFileType = image.png; path = "done [#1476].png"; sourceTree = "<group>"; };
		8E46F4331E45F009002F6E60 /* done [#1476]@1x.png */ = {isa = PBXFileReference; lastKnownFileType = image.png; path = "done [#1476]@1x.png"; sourceTree = "<group>"; };
		8E46F4341E45F009002F6E60 /* done [#1476]@3x.png */ = {isa = PBXFileReference; lastKnownFileType = image.png; path = "done [#1476]@3x.png"; sourceTree = "<group>"; };
		8E46F4351E45F009002F6E60 /* list [#1422].png */ = {isa = PBXFileReference; lastKnownFileType = image.png; path = "list [#1422].png"; sourceTree = "<group>"; };
		8E46F4361E45F009002F6E60 /* list [#1422]@1x.png */ = {isa = PBXFileReference; lastKnownFileType = image.png; path = "list [#1422]@1x.png"; sourceTree = "<group>"; };
		8E46F4371E45F009002F6E60 /* list [#1422]@3x.png */ = {isa = PBXFileReference; lastKnownFileType = image.png; path = "list [#1422]@3x.png"; sourceTree = "<group>"; };
		8E46F4381E45F009002F6E60 /* message [#1579].png */ = {isa = PBXFileReference; lastKnownFileType = image.png; path = "message [#1579].png"; sourceTree = "<group>"; };
		8E46F4391E45F009002F6E60 /* message [#1579]@1x.png */ = {isa = PBXFileReference; lastKnownFileType = image.png; path = "message [#1579]@1x.png"; sourceTree = "<group>"; };
		8E46F43A1E45F009002F6E60 /* message [#1579]@3x.png */ = {isa = PBXFileReference; lastKnownFileType = image.png; path = "message [#1579]@3x.png"; sourceTree = "<group>"; };
		8E46F43B1E45F009002F6E60 /* profile [#1335].png */ = {isa = PBXFileReference; lastKnownFileType = image.png; path = "profile [#1335].png"; sourceTree = "<group>"; };
		8E46F43C1E45F009002F6E60 /* profile [#1335]@1x.png */ = {isa = PBXFileReference; lastKnownFileType = image.png; path = "profile [#1335]@1x.png"; sourceTree = "<group>"; };
		8E46F43D1E45F009002F6E60 /* profile [#1335]@3x.png */ = {isa = PBXFileReference; lastKnownFileType = image.png; path = "profile [#1335]@3x.png"; sourceTree = "<group>"; };
		8E46F43E1E45F009002F6E60 /* settings [#1491].png */ = {isa = PBXFileReference; lastKnownFileType = image.png; path = "settings [#1491].png"; sourceTree = "<group>"; };
		8E46F43F1E45F009002F6E60 /* settings [#1491]@1x.png */ = {isa = PBXFileReference; lastKnownFileType = image.png; path = "settings [#1491]@1x.png"; sourceTree = "<group>"; };
		8E46F4401E45F009002F6E60 /* settings [#1491]@3x.png */ = {isa = PBXFileReference; lastKnownFileType = image.png; path = "settings [#1491]@3x.png"; sourceTree = "<group>"; };
		8E46F4531E45F0E7002F6E60 /* menu_option [#1374]@1x.png */ = {isa = PBXFileReference; lastKnownFileType = image.png; path = "menu_option [#1374]@1x.png"; sourceTree = "<group>"; };
		8E46F4541E45F0E7002F6E60 /* menu_option [#1374]@2x.png */ = {isa = PBXFileReference; lastKnownFileType = image.png; path = "menu_option [#1374]@2x.png"; sourceTree = "<group>"; };
		8E46F4551E45F0E7002F6E60 /* menu_option [#1374]@3x.png */ = {isa = PBXFileReference; lastKnownFileType = image.png; path = "menu_option [#1374]@3x.png"; sourceTree = "<group>"; };
		8E46F4591E45F1A1002F6E60 /* 30. User.png */ = {isa = PBXFileReference; lastKnownFileType = image.png; path = "30. User.png"; sourceTree = "<group>"; };
		8E46F45A1E45F1A1002F6E60 /* 30. User@2x.png */ = {isa = PBXFileReference; lastKnownFileType = image.png; path = "30. User@2x.png"; sourceTree = "<group>"; };
		8E46F45B1E45F1A1002F6E60 /* 30. User@3x.png */ = {isa = PBXFileReference; lastKnownFileType = image.png; path = "30. User@3x.png"; sourceTree = "<group>"; };
		8E46F5141E517250002F6E60 /* Main.storyboard */ = {isa = PBXFileReference; fileEncoding = 4; lastKnownFileType = file.storyboard; path = Main.storyboard; sourceTree = "<group>"; };
		8E523B1E1EA49F4D00146D74 /* Common.swift */ = {isa = PBXFileReference; fileEncoding = 4; lastKnownFileType = sourcecode.swift; path = Common.swift; sourceTree = "<group>"; };
		8E523B211EA5EDAA00146D74 /* account-circle.png */ = {isa = PBXFileReference; lastKnownFileType = image.png; path = "account-circle.png"; sourceTree = "<group>"; };
		8E523B221EA5EDAA00146D74 /* account-circle@2x.png */ = {isa = PBXFileReference; lastKnownFileType = image.png; path = "account-circle@2x.png"; sourceTree = "<group>"; };
		8E523B231EA5EDAA00146D74 /* account-circle@3x.png */ = {isa = PBXFileReference; lastKnownFileType = image.png; path = "account-circle@3x.png"; sourceTree = "<group>"; };
		8E523B241EA5EDAA00146D74 /* check-circle-outline.png */ = {isa = PBXFileReference; lastKnownFileType = image.png; path = "check-circle-outline.png"; sourceTree = "<group>"; };
		8E523B251EA5EDAA00146D74 /* check-circle-outline@2x.png */ = {isa = PBXFileReference; lastKnownFileType = image.png; path = "check-circle-outline@2x.png"; sourceTree = "<group>"; };
		8E523B261EA5EDAA00146D74 /* check-circle-outline@3x.png */ = {isa = PBXFileReference; lastKnownFileType = image.png; path = "check-circle-outline@3x.png"; sourceTree = "<group>"; };
		8E523B271EA5EDAA00146D74 /* messenger.png */ = {isa = PBXFileReference; lastKnownFileType = image.png; path = messenger.png; sourceTree = "<group>"; };
		8E523B281EA5EDAA00146D74 /* messenger@2x.png */ = {isa = PBXFileReference; lastKnownFileType = image.png; path = "messenger@2x.png"; sourceTree = "<group>"; };
		8E523B291EA5EDAA00146D74 /* messenger@3x.png */ = {isa = PBXFileReference; lastKnownFileType = image.png; path = "messenger@3x.png"; sourceTree = "<group>"; };
		8E523B2A1EA5EDAA00146D74 /* Setting.png */ = {isa = PBXFileReference; lastKnownFileType = image.png; path = Setting.png; sourceTree = "<group>"; };
		8E523B2B1EA5EDAA00146D74 /* Setting@2x.png */ = {isa = PBXFileReference; lastKnownFileType = image.png; path = "Setting@2x.png"; sourceTree = "<group>"; };
		8E523B2C1EA5EDAA00146D74 /* Setting@3x.png */ = {isa = PBXFileReference; lastKnownFileType = image.png; path = "Setting@3x.png"; sourceTree = "<group>"; };
		8E523B2D1EA5EDAA00146D74 /* view-headline.png */ = {isa = PBXFileReference; lastKnownFileType = image.png; path = "view-headline.png"; sourceTree = "<group>"; };
		8E523B2E1EA5EDAA00146D74 /* view-headline@2x.png */ = {isa = PBXFileReference; lastKnownFileType = image.png; path = "view-headline@2x.png"; sourceTree = "<group>"; };
		8E523B2F1EA5EDAA00146D74 /* view-headline@3x.png */ = {isa = PBXFileReference; lastKnownFileType = image.png; path = "view-headline@3x.png"; sourceTree = "<group>"; };
		8E523B3F1EA5EF0600146D74 /* menu.png */ = {isa = PBXFileReference; lastKnownFileType = image.png; path = menu.png; sourceTree = "<group>"; };
		8E523B401EA5EF0600146D74 /* menu@2x.png */ = {isa = PBXFileReference; lastKnownFileType = image.png; path = "menu@2x.png"; sourceTree = "<group>"; };
		8E523B411EA5EF0600146D74 /* menu@3x.png */ = {isa = PBXFileReference; lastKnownFileType = image.png; path = "menu@3x.png"; sourceTree = "<group>"; };
		8E523B421EA5EF0600146D74 /* Rectangle 38.png */ = {isa = PBXFileReference; lastKnownFileType = image.png; path = "Rectangle 38.png"; sourceTree = "<group>"; };
		8E523B431EA5EF0600146D74 /* Rectangle 38@2x.png */ = {isa = PBXFileReference; lastKnownFileType = image.png; path = "Rectangle 38@2x.png"; sourceTree = "<group>"; };
		8E523B441EA5EF0600146D74 /* Rectangle 38@3x.png */ = {isa = PBXFileReference; lastKnownFileType = image.png; path = "Rectangle 38@3x.png"; sourceTree = "<group>"; };
		8E523B451EA5EF0600146D74 /* Home.png */ = {isa = PBXFileReference; lastKnownFileType = image.png; path = Home.png; sourceTree = "<group>"; };
		8E523B461EA5EF0600146D74 /* Home@2x.png */ = {isa = PBXFileReference; lastKnownFileType = image.png; path = "Home@2x.png"; sourceTree = "<group>"; };
		8E523B471EA5EF0600146D74 /* Home@3x.png */ = {isa = PBXFileReference; lastKnownFileType = image.png; path = "Home@3x.png"; sourceTree = "<group>"; };
		8E523B531EA5F6D600146D74 /* HomeWhite.png */ = {isa = PBXFileReference; lastKnownFileType = image.png; path = HomeWhite.png; sourceTree = "<group>"; };
		8E523B541EA5F6D600146D74 /* HomeWhite@2x.png */ = {isa = PBXFileReference; lastKnownFileType = image.png; path = "HomeWhite@2x.png"; sourceTree = "<group>"; };
		8E523B551EA5F6D600146D74 /* HomeWhite@3x.png */ = {isa = PBXFileReference; lastKnownFileType = image.png; path = "HomeWhite@3x.png"; sourceTree = "<group>"; };
		8E523B561EA5F6D600146D74 /* settingWhite.png */ = {isa = PBXFileReference; lastKnownFileType = image.png; path = settingWhite.png; sourceTree = "<group>"; };
		8E523B571EA5F6D600146D74 /* settingWhite@2x.png */ = {isa = PBXFileReference; lastKnownFileType = image.png; path = "settingWhite@2x.png"; sourceTree = "<group>"; };
		8E523B581EA5F6D600146D74 /* settingWhite@3x.png */ = {isa = PBXFileReference; lastKnownFileType = image.png; path = "settingWhite@3x.png"; sourceTree = "<group>"; };
		8E523B591EA5F6D600146D74 /* white-account-circle.png */ = {isa = PBXFileReference; lastKnownFileType = image.png; path = "white-account-circle.png"; sourceTree = "<group>"; };
		8E523B5A1EA5F6D600146D74 /* white-account-circle@2x.png */ = {isa = PBXFileReference; lastKnownFileType = image.png; path = "white-account-circle@2x.png"; sourceTree = "<group>"; };
		8E523B5B1EA5F6D600146D74 /* white-account-circle@3x.png */ = {isa = PBXFileReference; lastKnownFileType = image.png; path = "white-account-circle@3x.png"; sourceTree = "<group>"; };
		8E523B5C1EA5F6D600146D74 /* white-check-circle-outline.png */ = {isa = PBXFileReference; lastKnownFileType = image.png; path = "white-check-circle-outline.png"; sourceTree = "<group>"; };
		8E523B5D1EA5F6D600146D74 /* white-check-circle-outline@2x.png */ = {isa = PBXFileReference; lastKnownFileType = image.png; path = "white-check-circle-outline@2x.png"; sourceTree = "<group>"; };
		8E523B5E1EA5F6D600146D74 /* white-check-circle-outline@3x.png */ = {isa = PBXFileReference; lastKnownFileType = image.png; path = "white-check-circle-outline@3x.png"; sourceTree = "<group>"; };
		8E523B5F1EA5F6D600146D74 /* white-messenger.png */ = {isa = PBXFileReference; lastKnownFileType = image.png; path = "white-messenger.png"; sourceTree = "<group>"; };
		8E523B601EA5F6D600146D74 /* white-messenger@2x.png */ = {isa = PBXFileReference; lastKnownFileType = image.png; path = "white-messenger@2x.png"; sourceTree = "<group>"; };
		8E523B611EA5F6D600146D74 /* white-messenger@3x.png */ = {isa = PBXFileReference; lastKnownFileType = image.png; path = "white-messenger@3x.png"; sourceTree = "<group>"; };
		8E523B621EA5F6D600146D74 /* white-pen.png */ = {isa = PBXFileReference; lastKnownFileType = image.png; path = "white-pen.png"; sourceTree = "<group>"; };
		8E523B631EA5F6D600146D74 /* white-pen@2x.png */ = {isa = PBXFileReference; lastKnownFileType = image.png; path = "white-pen@2x.png"; sourceTree = "<group>"; };
		8E523B641EA5F6D600146D74 /* white-pen@3x.png */ = {isa = PBXFileReference; lastKnownFileType = image.png; path = "white-pen@3x.png"; sourceTree = "<group>"; };
		8E523B651EA5F6D600146D74 /* white-thumb-up.png */ = {isa = PBXFileReference; lastKnownFileType = image.png; path = "white-thumb-up.png"; sourceTree = "<group>"; };
		8E523B661EA5F6D600146D74 /* white-thumb-up@2x.png */ = {isa = PBXFileReference; lastKnownFileType = image.png; path = "white-thumb-up@2x.png"; sourceTree = "<group>"; };
		8E523B671EA5F6D600146D74 /* white-thumb-up@3x.png */ = {isa = PBXFileReference; lastKnownFileType = image.png; path = "white-thumb-up@3x.png"; sourceTree = "<group>"; };
		8E523B681EA5F6D600146D74 /* white-view-headline.png */ = {isa = PBXFileReference; lastKnownFileType = image.png; path = "white-view-headline.png"; sourceTree = "<group>"; };
		8E523B691EA5F6D600146D74 /* white-view-headline@2x.png */ = {isa = PBXFileReference; lastKnownFileType = image.png; path = "white-view-headline@2x.png"; sourceTree = "<group>"; };
		8E523B6A1EA5F6D600146D74 /* white-view-headline@3x.png */ = {isa = PBXFileReference; lastKnownFileType = image.png; path = "white-view-headline@3x.png"; sourceTree = "<group>"; };
		8E523B831EA60AC300146D74 /* Share.png */ = {isa = PBXFileReference; lastKnownFileType = image.png; path = Share.png; sourceTree = "<group>"; };
		8E523B841EA60AC300146D74 /* Share@2x.png */ = {isa = PBXFileReference; lastKnownFileType = image.png; path = "Share@2x.png"; sourceTree = "<group>"; };
		8E523B851EA60AC300146D74 /* Share@3x.png */ = {isa = PBXFileReference; lastKnownFileType = image.png; path = "Share@3x.png"; sourceTree = "<group>"; };
		8E523B891EA60B4200146D74 /* thumb-up.png */ = {isa = PBXFileReference; lastKnownFileType = image.png; path = "thumb-up.png"; sourceTree = "<group>"; };
		8E523B8A1EA60B4200146D74 /* thumb-up@2x.png */ = {isa = PBXFileReference; lastKnownFileType = image.png; path = "thumb-up@2x.png"; sourceTree = "<group>"; };
		8E523B8B1EA60B4200146D74 /* thumb-up@3x.png */ = {isa = PBXFileReference; lastKnownFileType = image.png; path = "thumb-up@3x.png"; sourceTree = "<group>"; };
		8E523B8F1EA6145B00146D74 /* likebutton.png */ = {isa = PBXFileReference; lastKnownFileType = image.png; path = likebutton.png; sourceTree = "<group>"; };
		8E523B901EA6145B00146D74 /* likebutton@2x.png */ = {isa = PBXFileReference; lastKnownFileType = image.png; path = "likebutton@2x.png"; sourceTree = "<group>"; };
		8E523B911EA6145B00146D74 /* likebutton@3x.png */ = {isa = PBXFileReference; lastKnownFileType = image.png; path = "likebutton@3x.png"; sourceTree = "<group>"; };
		8E523B921EA6145B00146D74 /* replyimage.png */ = {isa = PBXFileReference; lastKnownFileType = image.png; path = replyimage.png; sourceTree = "<group>"; };
		8E523B931EA6145B00146D74 /* replyimage@2x.png */ = {isa = PBXFileReference; lastKnownFileType = image.png; path = "replyimage@2x.png"; sourceTree = "<group>"; };
		8E523B941EA6145B00146D74 /* replyimage@3x.png */ = {isa = PBXFileReference; lastKnownFileType = image.png; path = "replyimage@3x.png"; sourceTree = "<group>"; };
		8E523B951EA6145B00146D74 /* ShareImage.png */ = {isa = PBXFileReference; lastKnownFileType = image.png; path = ShareImage.png; sourceTree = "<group>"; };
		8E523B961EA6145B00146D74 /* ShareImage@2x.png */ = {isa = PBXFileReference; lastKnownFileType = image.png; path = "ShareImage@2x.png"; sourceTree = "<group>"; };
		8E523B971EA6145B00146D74 /* ShareImage@3x.png */ = {isa = PBXFileReference; lastKnownFileType = image.png; path = "ShareImage@3x.png"; sourceTree = "<group>"; };
		8E523BA71EA61E4C00146D74 /* likebuttonSel@3x.png */ = {isa = PBXFileReference; lastKnownFileType = image.png; path = "likebuttonSel@3x.png"; sourceTree = "<group>"; };
		8E523BA81EA61E4C00146D74 /* likebuttonSel.png */ = {isa = PBXFileReference; lastKnownFileType = image.png; path = likebuttonSel.png; sourceTree = "<group>"; };
		8E523BA91EA61E4C00146D74 /* likebuttonSel@2x.png */ = {isa = PBXFileReference; lastKnownFileType = image.png; path = "likebuttonSel@2x.png"; sourceTree = "<group>"; };
		8E523BAD1EA620B600146D74 /* menuWhite@1x.png */ = {isa = PBXFileReference; lastKnownFileType = image.png; path = "menuWhite@1x.png"; sourceTree = "<group>"; };
		8E523BAE1EA620B600146D74 /* menuWhite@2x.png */ = {isa = PBXFileReference; lastKnownFileType = image.png; path = "menuWhite@2x.png"; sourceTree = "<group>"; };
		8E523BAF1EA620B600146D74 /* menuWhite@3x.png */ = {isa = PBXFileReference; lastKnownFileType = image.png; path = "menuWhite@3x.png"; sourceTree = "<group>"; };
		8E5499C41E790DA800B2396A /* BoardTableViewController.swift */ = {isa = PBXFileReference; fileEncoding = 4; lastKnownFileType = sourcecode.swift; path = BoardTableViewController.swift; sourceTree = "<group>"; };
		8E5499CE1E7ADAB100B2396A /* BoardTableCell.swift */ = {isa = PBXFileReference; fileEncoding = 4; lastKnownFileType = sourcecode.swift; path = BoardTableCell.swift; sourceTree = "<group>"; };
		8E5499CF1E7ADAB100B2396A /* NoticeTableCell.swift */ = {isa = PBXFileReference; fileEncoding = 4; lastKnownFileType = sourcecode.swift; path = NoticeTableCell.swift; sourceTree = "<group>"; };
		8E5499D21E7ADABF00B2396A /* Board2.storyboard */ = {isa = PBXFileReference; fileEncoding = 4; lastKnownFileType = file.storyboard; path = Board2.storyboard; sourceTree = "<group>"; };
		8E68FC001E2FA63400AB058C /* TestViewController.swift */ = {isa = PBXFileReference; fileEncoding = 4; lastKnownFileType = sourcecode.swift; path = TestViewController.swift; sourceTree = "<group>"; };
		8E68FC031E333FAB00AB058C /* NoticeObject.swift */ = {isa = PBXFileReference; fileEncoding = 4; lastKnownFileType = sourcecode.swift; path = NoticeObject.swift; sourceTree = "<group>"; };
		8E68FC071E36737800AB058C /* BoardObject.swift */ = {isa = PBXFileReference; fileEncoding = 4; lastKnownFileType = sourcecode.swift; path = BoardObject.swift; sourceTree = "<group>"; };
		8E7863B61E206BE2006062C7 /* GoogleService-Info.plist */ = {isa = PBXFileReference; fileEncoding = 4; lastKnownFileType = text.plist.xml; path = "GoogleService-Info.plist"; sourceTree = "<group>"; };
		8EE3E3A51E9C5C7B0030C684 /* GroupSettingController.swift */ = {isa = PBXFileReference; fileEncoding = 4; lastKnownFileType = sourcecode.swift; path = GroupSettingController.swift; sourceTree = "<group>"; };
		8EF338CA1E56F5DE00680710 /* GroupCreateViewController.swift */ = {isa = PBXFileReference; fileEncoding = 4; lastKnownFileType = sourcecode.swift; path = GroupCreateViewController.swift; sourceTree = "<group>"; };
		8EF338E21E5F58ED00680710 /* BoardCell.swift */ = {isa = PBXFileReference; fileEncoding = 4; lastKnownFileType = sourcecode.swift; path = BoardCell.swift; sourceTree = "<group>"; };
		8EF338E41E5F592900680710 /* NoticeCell.swift */ = {isa = PBXFileReference; fileEncoding = 4; lastKnownFileType = sourcecode.swift; path = NoticeCell.swift; sourceTree = "<group>"; };
		8EF51B221E964EF400949825 /* Camera-100.png */ = {isa = PBXFileReference; lastKnownFileType = image.png; path = "Camera-100.png"; sourceTree = "<group>"; };
		F63DF6561E5D6BF400095E27 /* MileCreate.storyboard */ = {isa = PBXFileReference; fileEncoding = 4; lastKnownFileType = file.storyboard; path = MileCreate.storyboard; sourceTree = "<group>"; };
		F63DF6581E5D6BFA00095E27 /* MileDetail.storyboard */ = {isa = PBXFileReference; fileEncoding = 4; lastKnownFileType = file.storyboard; path = MileDetail.storyboard; sourceTree = "<group>"; };
		F63DF65A1E5D6C0100095E27 /* MileObject.swift */ = {isa = PBXFileReference; fileEncoding = 4; lastKnownFileType = sourcecode.swift; path = MileObject.swift; sourceTree = "<group>"; };
		F63DF65C1E5D6C0800095E27 /* MileStoneCreateViewController.swift */ = {isa = PBXFileReference; fileEncoding = 4; lastKnownFileType = sourcecode.swift; path = MileStoneCreateViewController.swift; sourceTree = "<group>"; };
		F63DF65E1E5D6C0D00095E27 /* MileStoneDetailViewController.swift */ = {isa = PBXFileReference; fileEncoding = 4; lastKnownFileType = sourcecode.swift; path = MileStoneDetailViewController.swift; sourceTree = "<group>"; };
		F63DF6601E5D6C1B00095E27 /* CustomMileStoneDetailViewTableViewCell.swift */ = {isa = PBXFileReference; fileEncoding = 4; lastKnownFileType = sourcecode.swift; path = CustomMileStoneDetailViewTableViewCell.swift; sourceTree = "<group>"; };
		F63DF6611E5D6C1B00095E27 /* CustomMileStoneViewControllerTableViewCell.swift */ = {isa = PBXFileReference; fileEncoding = 4; lastKnownFileType = sourcecode.swift; path = CustomMileStoneViewControllerTableViewCell.swift; sourceTree = "<group>"; };
		F63DF6641E5D6C4300095E27 /* testMileController.swift */ = {isa = PBXFileReference; fileEncoding = 4; lastKnownFileType = sourcecode.swift; path = testMileController.swift; sourceTree = "<group>"; };
		F6B2F9071E27537600E0A1BD /* MileStoneViewController.swift */ = {isa = PBXFileReference; fileEncoding = 4; lastKnownFileType = sourcecode.swift; path = MileStoneViewController.swift; sourceTree = "<group>"; };
/* End PBXFileReference section */

/* Begin PBXFrameworksBuildPhase section */
		02FC4C7A1E166B1B00E1EF61 /* Frameworks */ = {
			isa = PBXFrameworksBuildPhase;
			buildActionMask = 2147483647;
			files = (
				EAEC83430219D128C6F4DE90 /* Pods_SwiftStudio.framework in Frameworks */,
			);
			runOnlyForDeploymentPostprocessing = 0;
		};
/* End PBXFrameworksBuildPhase section */

/* Begin PBXGroup section */
		02FC4C741E166B1B00E1EF61 = {
			isa = PBXGroup;
			children = (
				02FC4C7F1E166B1B00E1EF61 /* SwiftStudio */,
				02FC4C7E1E166B1B00E1EF61 /* Products */,
				2C4A20F8324034329D5A105E /* Pods */,
				5315575D03BB246CB5867FE5 /* Frameworks */,
			);
			sourceTree = "<group>";
		};
		02FC4C7E1E166B1B00E1EF61 /* Products */ = {
			isa = PBXGroup;
			children = (
				02FC4C7D1E166B1B00E1EF61 /* SwiftStudio.app */,
			);
			name = Products;
			sourceTree = "<group>";
		};
		02FC4C7F1E166B1B00E1EF61 /* SwiftStudio */ = {
			isa = PBXGroup;
			children = (
				02FC4C801E166B1B00E1EF61 /* AppDelegate.swift */,
				02FC4C8C1E166B1B00E1EF61 /* Info.plist */,
				8E7863B61E206BE2006062C7 /* GoogleService-Info.plist */,
				8E408EE91E1FCFEC00A7B38C /* Image */,
				8E408EE81E1FCFD700A7B38C /* StoryBoard */,
				8E68FC021E333F1900AB058C /* Model */,
				8E408F021E1FD87500A7B38C /* View */,
			);
			path = SwiftStudio;
			sourceTree = "<group>";
		};
		2C4A20F8324034329D5A105E /* Pods */ = {
			isa = PBXGroup;
			children = (
				7E001633EDC68637FE8613D3 /* Pods-SwiftStudio.debug.xcconfig */,
				00886F2C53CE8FE7124D7783 /* Pods-SwiftStudio.release.xcconfig */,
			);
			name = Pods;
			sourceTree = "<group>";
		};
		5315575D03BB246CB5867FE5 /* Frameworks */ = {
			isa = PBXGroup;
			children = (
				44CA5C99B5C87210A9C2FEE1 /* Pods_SwiftStudio.framework */,
			);
			name = Frameworks;
			sourceTree = "<group>";
		};
		8E408EE81E1FCFD700A7B38C /* StoryBoard */ = {
			isa = PBXGroup;
			children = (
				8E5499D21E7ADABF00B2396A /* Board2.storyboard */,
				8E408EFE1E1FD63F00A7B38C /* Board.storyboard */,
				8E408EF21E1FD07A00A7B38C /* Setting.storyboard */,
				8E408EF31E1FD07A00A7B38C /* UserList.storyboard */,
				02FC4C891E166B1B00E1EF61 /* LaunchScreen.storyboard */,
				809EC7FC1E305ECD00E3BC4F /* BoardDetail.storyboard */,
				809EC8021E30644900E3BC4F /* BoardCreate.storyboard */,
				8E408EF11E1FD07A00A7B38C /* MileStone.storyboard */,
				F63DF6581E5D6BFA00095E27 /* MileDetail.storyboard */,
				F63DF6561E5D6BF400095E27 /* MileCreate.storyboard */,
				8E46F5141E517250002F6E60 /* Main.storyboard */,
			);
			name = StoryBoard;
			sourceTree = "<group>";
		};
		8E408EE91E1FCFEC00A7B38C /* Image */ = {
			isa = PBXGroup;
			children = (
				8E523B521EA5F6D600146D74 /* white */,
				8E523B201EA5ED7A00146D74 /* NewIcon-black */,
				8EF51B221E964EF400949825 /* Camera-100.png */,
				8E46F42E1E45F009002F6E60 /* TabbarIcon */,
				02FC4C871E166B1B00E1EF61 /* Assets.xcassets */,
			);
			name = Image;
			sourceTree = "<group>";
		};
		8E408EEB1E1FD00B00A7B38C /* Custom */ = {
			isa = PBXGroup;
			children = (
				8E408EED1E1FD07A00A7B38C /* CustomButton.swift */,
				8E408EEE1E1FD07A00A7B38C /* CustomNavigationSegue.swift */,
				8E408EEF1E1FD07A00A7B38C /* CustomTabBarController.swift */,
				F63DF6611E5D6C1B00095E27 /* CustomMileStoneViewControllerTableViewCell.swift */,
				F63DF6601E5D6C1B00095E27 /* CustomMileStoneDetailViewTableViewCell.swift */,
			);
			name = Custom;
			sourceTree = "<group>";
		};
		8E408F021E1FD87500A7B38C /* View */ = {
			isa = PBXGroup;
			children = (
				8E408F031E1FF19500A7B38C /* View */,
				8E408EEB1E1FD00B00A7B38C /* Custom */,
				8E408F041E1FF19C00A7B38C /* SubView */,
			);
			name = View;
			sourceTree = "<group>";
		};
		8E408F031E1FF19500A7B38C /* View */ = {
			isa = PBXGroup;
			children = (
				8E408F051E1FF2F100A7B38C /* LoginViewController.swift */,
				02FC4C821E166B1B00E1EF61 /* ViewController.swift */,
				8E3D54911E22372E00163BA0 /* ChatLogViewController.swift */,
				8E68FC001E2FA63400AB058C /* TestViewController.swift */,
				809EC7FE1E305F6400E3BC4F /* BoardDatailViewController.swift */,
				809EC8001E30641B00E3BC4F /* BoardCreateViewController.swift */,
				F63DF6641E5D6C4300095E27 /* testMileController.swift */,
				8E408EF01E1FD07A00A7B38C /* MainViewController.swift */,
				F6B2F9071E27537600E0A1BD /* MileStoneViewController.swift */,
				F63DF65E1E5D6C0D00095E27 /* MileStoneDetailViewController.swift */,
				F63DF65C1E5D6C0800095E27 /* MileStoneCreateViewController.swift */,
				8E46F42C1E41AA64002F6E60 /* GroupViewController.swift */,
				8EF338CA1E56F5DE00680710 /* GroupCreateViewController.swift */,
				8EE3E3A51E9C5C7B0030C684 /* GroupSettingController.swift */,
				8E5499C41E790DA800B2396A /* BoardTableViewController.swift */,
			);
			name = View;
			sourceTree = "<group>";
		};
		8E408F041E1FF19C00A7B38C /* SubView */ = {
			isa = PBXGroup;
			children = (
				8E408EEC1E1FD07A00A7B38C /* ChatViewController.swift */,
			);
			name = SubView;
			sourceTree = "<group>";
		};
		8E46F42E1E45F009002F6E60 /* TabbarIcon */ = {
			isa = PBXGroup;
			children = (
				8E46F4591E45F1A1002F6E60 /* 30. User.png */,
				8E46F45A1E45F1A1002F6E60 /* 30. User@2x.png */,
				8E46F45B1E45F1A1002F6E60 /* 30. User@3x.png */,
				8E46F4531E45F0E7002F6E60 /* menu_option [#1374]@1x.png */,
				8E46F4541E45F0E7002F6E60 /* menu_option [#1374]@2x.png */,
				8E46F4551E45F0E7002F6E60 /* menu_option [#1374]@3x.png */,
				8E46F42F1E45F009002F6E60 /* attachment [#1575].png */,
				8E46F4301E45F009002F6E60 /* attachment [#1575]@1x.png */,
				8E46F4311E45F009002F6E60 /* attachment [#1575]@3x.png */,
				8E46F4321E45F009002F6E60 /* done [#1476].png */,
				8E46F4331E45F009002F6E60 /* done [#1476]@1x.png */,
				8E46F4341E45F009002F6E60 /* done [#1476]@3x.png */,
				8E46F4351E45F009002F6E60 /* list [#1422].png */,
				8E46F4361E45F009002F6E60 /* list [#1422]@1x.png */,
				8E46F4371E45F009002F6E60 /* list [#1422]@3x.png */,
				8E46F4381E45F009002F6E60 /* message [#1579].png */,
				8E46F4391E45F009002F6E60 /* message [#1579]@1x.png */,
				8E46F43A1E45F009002F6E60 /* message [#1579]@3x.png */,
				8E46F43B1E45F009002F6E60 /* profile [#1335].png */,
				8E46F43C1E45F009002F6E60 /* profile [#1335]@1x.png */,
				8E46F43D1E45F009002F6E60 /* profile [#1335]@3x.png */,
				8E46F43E1E45F009002F6E60 /* settings [#1491].png */,
				8E46F43F1E45F009002F6E60 /* settings [#1491]@1x.png */,
				8E46F4401E45F009002F6E60 /* settings [#1491]@3x.png */,
			);
			path = TabbarIcon;
			sourceTree = "<group>";
		};
		8E523B201EA5ED7A00146D74 /* NewIcon-black */ = {
			isa = PBXGroup;
			children = (
				8E523BA71EA61E4C00146D74 /* likebuttonSel@3x.png */,
				8E523BA81EA61E4C00146D74 /* likebuttonSel.png */,
				8E523BA91EA61E4C00146D74 /* likebuttonSel@2x.png */,
				8E523B8F1EA6145B00146D74 /* likebutton.png */,
				8E523B901EA6145B00146D74 /* likebutton@2x.png */,
				8E523B911EA6145B00146D74 /* likebutton@3x.png */,
				8E523B921EA6145B00146D74 /* replyimage.png */,
				8E523B931EA6145B00146D74 /* replyimage@2x.png */,
				8E523B941EA6145B00146D74 /* replyimage@3x.png */,
				8E523B951EA6145B00146D74 /* ShareImage.png */,
				8E523B961EA6145B00146D74 /* ShareImage@2x.png */,
				8E523B971EA6145B00146D74 /* ShareImage@3x.png */,
				8E523B891EA60B4200146D74 /* thumb-up.png */,
				8E523B8A1EA60B4200146D74 /* thumb-up@2x.png */,
				8E523B8B1EA60B4200146D74 /* thumb-up@3x.png */,
				8E523B831EA60AC300146D74 /* Share.png */,
				8E523B841EA60AC300146D74 /* Share@2x.png */,
				8E523B851EA60AC300146D74 /* Share@3x.png */,
				8E523B3F1EA5EF0600146D74 /* menu.png */,
				8E523B401EA5EF0600146D74 /* menu@2x.png */,
				8E523B411EA5EF0600146D74 /* menu@3x.png */,
				8E523B421EA5EF0600146D74 /* Rectangle 38.png */,
				8E523B431EA5EF0600146D74 /* Rectangle 38@2x.png */,
				8E523B441EA5EF0600146D74 /* Rectangle 38@3x.png */,
				8E523B451EA5EF0600146D74 /* Home.png */,
				8E523B461EA5EF0600146D74 /* Home@2x.png */,
				8E523B471EA5EF0600146D74 /* Home@3x.png */,
				8E523B211EA5EDAA00146D74 /* account-circle.png */,
				8E523B221EA5EDAA00146D74 /* account-circle@2x.png */,
				8E523B231EA5EDAA00146D74 /* account-circle@3x.png */,
				8E523B241EA5EDAA00146D74 /* check-circle-outline.png */,
				8E523B251EA5EDAA00146D74 /* check-circle-outline@2x.png */,
				8E523B261EA5EDAA00146D74 /* check-circle-outline@3x.png */,
				8E523B271EA5EDAA00146D74 /* messenger.png */,
				8E523B281EA5EDAA00146D74 /* messenger@2x.png */,
				8E523B291EA5EDAA00146D74 /* messenger@3x.png */,
				8E523B2A1EA5EDAA00146D74 /* Setting.png */,
				8E523B2B1EA5EDAA00146D74 /* Setting@2x.png */,
				8E523B2C1EA5EDAA00146D74 /* Setting@3x.png */,
				8E523B2D1EA5EDAA00146D74 /* view-headline.png */,
				8E523B2E1EA5EDAA00146D74 /* view-headline@2x.png */,
				8E523B2F1EA5EDAA00146D74 /* view-headline@3x.png */,
			);
			name = "NewIcon-black";
			sourceTree = "<group>";
		};
		8E523B521EA5F6D600146D74 /* white */ = {
			isa = PBXGroup;
			children = (
				8E523BAD1EA620B600146D74 /* menuWhite@1x.png */,
				8E523BAE1EA620B600146D74 /* menuWhite@2x.png */,
				8E523BAF1EA620B600146D74 /* menuWhite@3x.png */,
				8E523B531EA5F6D600146D74 /* HomeWhite.png */,
				8E523B541EA5F6D600146D74 /* HomeWhite@2x.png */,
				8E523B551EA5F6D600146D74 /* HomeWhite@3x.png */,
				8E523B561EA5F6D600146D74 /* settingWhite.png */,
				8E523B571EA5F6D600146D74 /* settingWhite@2x.png */,
				8E523B581EA5F6D600146D74 /* settingWhite@3x.png */,
				8E523B591EA5F6D600146D74 /* white-account-circle.png */,
				8E523B5A1EA5F6D600146D74 /* white-account-circle@2x.png */,
				8E523B5B1EA5F6D600146D74 /* white-account-circle@3x.png */,
				8E523B5C1EA5F6D600146D74 /* white-check-circle-outline.png */,
				8E523B5D1EA5F6D600146D74 /* white-check-circle-outline@2x.png */,
				8E523B5E1EA5F6D600146D74 /* white-check-circle-outline@3x.png */,
				8E523B5F1EA5F6D600146D74 /* white-messenger.png */,
				8E523B601EA5F6D600146D74 /* white-messenger@2x.png */,
				8E523B611EA5F6D600146D74 /* white-messenger@3x.png */,
				8E523B621EA5F6D600146D74 /* white-pen.png */,
				8E523B631EA5F6D600146D74 /* white-pen@2x.png */,
				8E523B641EA5F6D600146D74 /* white-pen@3x.png */,
				8E523B651EA5F6D600146D74 /* white-thumb-up.png */,
				8E523B661EA5F6D600146D74 /* white-thumb-up@2x.png */,
				8E523B671EA5F6D600146D74 /* white-thumb-up@3x.png */,
				8E523B681EA5F6D600146D74 /* white-view-headline.png */,
				8E523B691EA5F6D600146D74 /* white-view-headline@2x.png */,
				8E523B6A1EA5F6D600146D74 /* white-view-headline@3x.png */,
			);
			path = white;
			sourceTree = "<group>";
		};
		8E68FC021E333F1900AB058C /* Model */ = {
			isa = PBXGroup;
			children = (
				8E5499CE1E7ADAB100B2396A /* BoardTableCell.swift */,
				8E5499CF1E7ADAB100B2396A /* NoticeTableCell.swift */,
				8E68FC031E333FAB00AB058C /* NoticeObject.swift */,
				8E68FC071E36737800AB058C /* BoardObject.swift */,
				F63DF65A1E5D6C0100095E27 /* MileObject.swift */,
				8EF338E21E5F58ED00680710 /* BoardCell.swift */,
				8EF338E41E5F592900680710 /* NoticeCell.swift */,
				8E523B1E1EA49F4D00146D74 /* Common.swift */,
			);
			name = Model;
			sourceTree = "<group>";
		};
/* End PBXGroup section */

/* Begin PBXNativeTarget section */
		02FC4C7C1E166B1B00E1EF61 /* SwiftStudio */ = {
			isa = PBXNativeTarget;
			buildConfigurationList = 02FC4C8F1E166B1B00E1EF61 /* Build configuration list for PBXNativeTarget "SwiftStudio" */;
			buildPhases = (
				46C0B1D22731794C43B0835C /* [CP] Check Pods Manifest.lock */,
				02FC4C791E166B1B00E1EF61 /* Sources */,
				02FC4C7A1E166B1B00E1EF61 /* Frameworks */,
				02FC4C7B1E166B1B00E1EF61 /* Resources */,
				E43A1247AD9B63046623C3E9 /* [CP] Embed Pods Frameworks */,
				199CC1CCB5BA42BE2BBB2877 /* [CP] Copy Pods Resources */,
			);
			buildRules = (
			);
			dependencies = (
			);
			name = SwiftStudio;
			productName = SwiftStudio;
			productReference = 02FC4C7D1E166B1B00E1EF61 /* SwiftStudio.app */;
			productType = "com.apple.product-type.application";
		};
/* End PBXNativeTarget section */

/* Begin PBXProject section */
		02FC4C751E166B1B00E1EF61 /* Project object */ = {
			isa = PBXProject;
			attributes = {
				LastSwiftUpdateCheck = 0820;
				LastUpgradeCheck = 0830;
				ORGANIZATIONNAME = swift;
				TargetAttributes = {
					02FC4C7C1E166B1B00E1EF61 = {
						CreatedOnToolsVersion = 8.2.1;
						ProvisioningStyle = Automatic;
					};
				};
			};
			buildConfigurationList = 02FC4C781E166B1B00E1EF61 /* Build configuration list for PBXProject "SwiftStudio" */;
			compatibilityVersion = "Xcode 3.2";
			developmentRegion = English;
			hasScannedForEncodings = 0;
			knownRegions = (
				en,
				Base,
			);
			mainGroup = 02FC4C741E166B1B00E1EF61;
			productRefGroup = 02FC4C7E1E166B1B00E1EF61 /* Products */;
			projectDirPath = "";
			projectRoot = "";
			targets = (
				02FC4C7C1E166B1B00E1EF61 /* SwiftStudio */,
			);
		};
/* End PBXProject section */

/* Begin PBXResourcesBuildPhase section */
		02FC4C7B1E166B1B00E1EF61 /* Resources */ = {
			isa = PBXResourcesBuildPhase;
			buildActionMask = 2147483647;
			files = (
				8E523B3A1EA5EDAA00146D74 /* Setting@2x.png in Resources */,
				8E523B8C1EA60B4200146D74 /* thumb-up.png in Resources */,
				02FC4C8B1E166B1B00E1EF61 /* LaunchScreen.storyboard in Resources */,
				8E523B7E1EA5F6D600146D74 /* white-thumb-up@2x.png in Resources */,
				8E523B6E1EA5F6D600146D74 /* settingWhite.png in Resources */,
				02FC4C881E166B1B00E1EF61 /* Assets.xcassets in Resources */,
				8E7863B71E206BE2006062C7 /* GoogleService-Info.plist in Resources */,
				8E523B801EA5F6D600146D74 /* white-view-headline.png in Resources */,
				8E523B811EA5F6D600146D74 /* white-view-headline@2x.png in Resources */,
				8E46F4471E45F009002F6E60 /* list [#1422].png in Resources */,
				8E523BB01EA620B600146D74 /* menuWhite@1x.png in Resources */,
				8E5499D31E7ADABF00B2396A /* Board2.storyboard in Resources */,
				8E523B4B1EA5EF0600146D74 /* Rectangle 38.png in Resources */,
				8E523B331EA5EDAA00146D74 /* check-circle-outline.png in Resources */,
				8E46F44B1E45F009002F6E60 /* message [#1579]@1x.png in Resources */,
				8E523B9F1EA6145B00146D74 /* ShareImage@2x.png in Resources */,
				8E46F4461E45F009002F6E60 /* done [#1476]@3x.png in Resources */,
				8E523B7C1EA5F6D600146D74 /* white-pen@3x.png in Resources */,
				8E46F44D1E45F009002F6E60 /* profile [#1335].png in Resources */,
				8E523B6B1EA5F6D600146D74 /* HomeWhite.png in Resources */,
				8E523B761EA5F6D600146D74 /* white-check-circle-outline@3x.png in Resources */,
				8E523B781EA5F6D600146D74 /* white-messenger@2x.png in Resources */,
				8E523B881EA60AC300146D74 /* Share@3x.png in Resources */,
				8E523B3B1EA5EDAA00146D74 /* Setting@3x.png in Resources */,
				8E523B9A1EA6145B00146D74 /* likebutton@3x.png in Resources */,
				8E523B721EA5F6D600146D74 /* white-account-circle@2x.png in Resources */,
				8EF51B231E964EF400949825 /* Camera-100.png in Resources */,
				8E523B731EA5F6D600146D74 /* white-account-circle@3x.png in Resources */,
				8E523B321EA5EDAA00146D74 /* account-circle@3x.png in Resources */,
				8E523B501EA5EF0600146D74 /* Home@3x.png in Resources */,
				8E523B3D1EA5EDAA00146D74 /* view-headline@2x.png in Resources */,
				8E523B341EA5EDAA00146D74 /* check-circle-outline@2x.png in Resources */,
				8E523B9D1EA6145B00146D74 /* replyimage@3x.png in Resources */,
				8E523B4E1EA5EF0600146D74 /* Home.png in Resources */,
				8E408EFF1E1FD63F00A7B38C /* Board.storyboard in Resources */,
				8E523B861EA60AC300146D74 /* Share.png in Resources */,
				8E523B481EA5EF0600146D74 /* menu.png in Resources */,
				8E523BAB1EA61E4C00146D74 /* likebuttonSel.png in Resources */,
				8E523B7D1EA5F6D600146D74 /* white-thumb-up.png in Resources */,
				8E46F4561E45F0E7002F6E60 /* menu_option [#1374]@1x.png in Resources */,
				8E523B7B1EA5F6D600146D74 /* white-pen@2x.png in Resources */,
				8E46F44E1E45F009002F6E60 /* profile [#1335]@1x.png in Resources */,
				8E523B311EA5EDAA00146D74 /* account-circle@2x.png in Resources */,
				809EC8031E30644900E3BC4F /* BoardCreate.storyboard in Resources */,
				8E523B8E1EA60B4200146D74 /* thumb-up@3x.png in Resources */,
				8E46F44F1E45F009002F6E60 /* profile [#1335]@3x.png in Resources */,
				8E46F4521E45F009002F6E60 /* settings [#1491]@3x.png in Resources */,
				8E523B6F1EA5F6D600146D74 /* settingWhite@2x.png in Resources */,
				8E523B9C1EA6145B00146D74 /* replyimage@2x.png in Resources */,
				8E523B741EA5F6D600146D74 /* white-check-circle-outline.png in Resources */,
				8E408EFA1E1FD07A00A7B38C /* Setting.storyboard in Resources */,
				8E523B791EA5F6D600146D74 /* white-messenger@3x.png in Resources */,
				809EC7FD1E305ECD00E3BC4F /* BoardDetail.storyboard in Resources */,
				8E523BAC1EA61E4C00146D74 /* likebuttonSel@2x.png in Resources */,
				8E46F44A1E45F009002F6E60 /* message [#1579].png in Resources */,
				8E46F45C1E45F1A1002F6E60 /* 30. User.png in Resources */,
				8E46F5151E517250002F6E60 /* Main.storyboard in Resources */,
				8E523B3E1EA5EDAA00146D74 /* view-headline@3x.png in Resources */,
				8E46F45D1E45F1A1002F6E60 /* 30. User@2x.png in Resources */,
				8E46F44C1E45F009002F6E60 /* message [#1579]@3x.png in Resources */,
				8E523B4C1EA5EF0600146D74 /* Rectangle 38@2x.png in Resources */,
				8E46F4451E45F009002F6E60 /* done [#1476]@1x.png in Resources */,
				8E523B7A1EA5F6D600146D74 /* white-pen.png in Resources */,
				8E523BA01EA6145B00146D74 /* ShareImage@3x.png in Resources */,
				8E523B6C1EA5F6D600146D74 /* HomeWhite@2x.png in Resources */,
				8E523B491EA5EF0600146D74 /* menu@2x.png in Resources */,
				8E523B301EA5EDAA00146D74 /* account-circle.png in Resources */,
				8E523B981EA6145B00146D74 /* likebutton.png in Resources */,
				8E523B751EA5F6D600146D74 /* white-check-circle-outline@2x.png in Resources */,
				8E523B9B1EA6145B00146D74 /* replyimage.png in Resources */,
				8E46F4481E45F009002F6E60 /* list [#1422]@1x.png in Resources */,
				8E46F4501E45F009002F6E60 /* settings [#1491].png in Resources */,
				8E46F4421E45F009002F6E60 /* attachment [#1575]@1x.png in Resources */,
				8E408EFB1E1FD07A00A7B38C /* UserList.storyboard in Resources */,
				8E523B9E1EA6145B00146D74 /* ShareImage.png in Resources */,
				8E523B821EA5F6D600146D74 /* white-view-headline@3x.png in Resources */,
				8E523B4D1EA5EF0600146D74 /* Rectangle 38@3x.png in Resources */,
				8E523B6D1EA5F6D600146D74 /* HomeWhite@3x.png in Resources */,
				8E46F4581E45F0E7002F6E60 /* menu_option [#1374]@3x.png in Resources */,
				8E408EF91E1FD07A00A7B38C /* MileStone.storyboard in Resources */,
				F63DF6571E5D6BF400095E27 /* MileCreate.storyboard in Resources */,
				F63DF6591E5D6BFA00095E27 /* MileDetail.storyboard in Resources */,
				8E523B391EA5EDAA00146D74 /* Setting.png in Resources */,
				8E523B381EA5EDAA00146D74 /* messenger@3x.png in Resources */,
				8E523B871EA60AC300146D74 /* Share@2x.png in Resources */,
				8E523BB21EA620B600146D74 /* menuWhite@3x.png in Resources */,
				8E523BB11EA620B600146D74 /* menuWhite@2x.png in Resources */,
				8E523B701EA5F6D600146D74 /* settingWhite@3x.png in Resources */,
				8E523B361EA5EDAA00146D74 /* messenger.png in Resources */,
				8E46F4411E45F009002F6E60 /* attachment [#1575].png in Resources */,
				8E523BAA1EA61E4C00146D74 /* likebuttonSel@3x.png in Resources */,
				8E523B4F1EA5EF0600146D74 /* Home@2x.png in Resources */,
				8E46F4511E45F009002F6E60 /* settings [#1491]@1x.png in Resources */,
				8E46F4571E45F0E7002F6E60 /* menu_option [#1374]@2x.png in Resources */,
				8E523B371EA5EDAA00146D74 /* messenger@2x.png in Resources */,
				8E46F45E1E45F1A1002F6E60 /* 30. User@3x.png in Resources */,
				8E46F4441E45F009002F6E60 /* done [#1476].png in Resources */,
				8E523B771EA5F6D600146D74 /* white-messenger.png in Resources */,
				8E46F4431E45F009002F6E60 /* attachment [#1575]@3x.png in Resources */,
				8E523B711EA5F6D600146D74 /* white-account-circle.png in Resources */,
				8E46F4491E45F009002F6E60 /* list [#1422]@3x.png in Resources */,
				8E523B7F1EA5F6D600146D74 /* white-thumb-up@3x.png in Resources */,
				8E523B991EA6145B00146D74 /* likebutton@2x.png in Resources */,
				8E523B3C1EA5EDAA00146D74 /* view-headline.png in Resources */,
				8E523B8D1EA60B4200146D74 /* thumb-up@2x.png in Resources */,
				8E523B4A1EA5EF0600146D74 /* menu@3x.png in Resources */,
				8E523B351EA5EDAA00146D74 /* check-circle-outline@3x.png in Resources */,
			);
			runOnlyForDeploymentPostprocessing = 0;
		};
/* End PBXResourcesBuildPhase section */

/* Begin PBXShellScriptBuildPhase section */
		199CC1CCB5BA42BE2BBB2877 /* [CP] Copy Pods Resources */ = {
			isa = PBXShellScriptBuildPhase;
			buildActionMask = 2147483647;
			files = (
			);
			inputPaths = (
			);
			name = "[CP] Copy Pods Resources";
			outputPaths = (
			);
			runOnlyForDeploymentPostprocessing = 0;
			shellPath = /bin/sh;
			shellScript = "\"${SRCROOT}/Pods/Target Support Files/Pods-SwiftStudio/Pods-SwiftStudio-resources.sh\"\n";
			showEnvVarsInLog = 0;
		};
		46C0B1D22731794C43B0835C /* [CP] Check Pods Manifest.lock */ = {
			isa = PBXShellScriptBuildPhase;
			buildActionMask = 2147483647;
			files = (
			);
			inputPaths = (
			);
			name = "[CP] Check Pods Manifest.lock";
			outputPaths = (
			);
			runOnlyForDeploymentPostprocessing = 0;
			shellPath = /bin/sh;
			shellScript = "diff \"${PODS_ROOT}/../Podfile.lock\" \"${PODS_ROOT}/Manifest.lock\" > /dev/null\nif [ $? != 0 ] ; then\n    # print error to STDERR\n    echo \"error: The sandbox is not in sync with the Podfile.lock. Run 'pod install' or update your CocoaPods installation.\" >&2\n    exit 1\nfi\n";
			showEnvVarsInLog = 0;
		};
		E43A1247AD9B63046623C3E9 /* [CP] Embed Pods Frameworks */ = {
			isa = PBXShellScriptBuildPhase;
			buildActionMask = 2147483647;
			files = (
			);
			inputPaths = (
			);
			name = "[CP] Embed Pods Frameworks";
			outputPaths = (
			);
			runOnlyForDeploymentPostprocessing = 0;
			shellPath = /bin/sh;
			shellScript = "\"${SRCROOT}/Pods/Target Support Files/Pods-SwiftStudio/Pods-SwiftStudio-frameworks.sh\"\n";
			showEnvVarsInLog = 0;
		};
/* End PBXShellScriptBuildPhase section */

/* Begin PBXSourcesBuildPhase section */
		02FC4C791E166B1B00E1EF61 /* Sources */ = {
			isa = PBXSourcesBuildPhase;
			buildActionMask = 2147483647;
			files = (
				F63DF6631E5D6C1B00095E27 /* CustomMileStoneViewControllerTableViewCell.swift in Sources */,
				8E5499D11E7ADAB100B2396A /* NoticeTableCell.swift in Sources */,
				8E46F42D1E41AA64002F6E60 /* GroupViewController.swift in Sources */,
				8E408EF81E1FD07A00A7B38C /* MainViewController.swift in Sources */,
				8E408EF61E1FD07A00A7B38C /* CustomNavigationSegue.swift in Sources */,
				8EF338E51E5F592900680710 /* NoticeCell.swift in Sources */,
				8E68FC081E36737800AB058C /* BoardObject.swift in Sources */,
				8E5499C51E790DA800B2396A /* BoardTableViewController.swift in Sources */,
				8EF338E31E5F58ED00680710 /* BoardCell.swift in Sources */,
				8E68FC011E2FA63400AB058C /* TestViewController.swift in Sources */,
				F63DF6651E5D6C4300095E27 /* testMileController.swift in Sources */,
				F63DF65D1E5D6C0800095E27 /* MileStoneCreateViewController.swift in Sources */,
				F6B2F9081E27537600E0A1BD /* MileStoneViewController.swift in Sources */,
				809EC7FF1E305F6400E3BC4F /* BoardDatailViewController.swift in Sources */,
				8E408EF51E1FD07A00A7B38C /* CustomButton.swift in Sources */,
				F63DF65F1E5D6C0D00095E27 /* MileStoneDetailViewController.swift in Sources */,
				8EF338CB1E56F5DE00680710 /* GroupCreateViewController.swift in Sources */,
				809EC8011E30641B00E3BC4F /* BoardCreateViewController.swift in Sources */,
				8EE3E3A61E9C5C7B0030C684 /* GroupSettingController.swift in Sources */,
				8E408EF71E1FD07A00A7B38C /* CustomTabBarController.swift in Sources */,
				F63DF65B1E5D6C0100095E27 /* MileObject.swift in Sources */,
				F63DF6621E5D6C1B00095E27 /* CustomMileStoneDetailViewTableViewCell.swift in Sources */,
				8E523B1F1EA49F4D00146D74 /* Common.swift in Sources */,
				8E408F061E1FF2F100A7B38C /* LoginViewController.swift in Sources */,
				02FC4C831E166B1B00E1EF61 /* ViewController.swift in Sources */,
				8E3D54921E22372E00163BA0 /* ChatLogViewController.swift in Sources */,
				8E408EF41E1FD07A00A7B38C /* ChatViewController.swift in Sources */,
				8E68FC041E333FAB00AB058C /* NoticeObject.swift in Sources */,
				02FC4C811E166B1B00E1EF61 /* AppDelegate.swift in Sources */,
				8E5499D01E7ADAB100B2396A /* BoardTableCell.swift in Sources */,
			);
			runOnlyForDeploymentPostprocessing = 0;
		};
/* End PBXSourcesBuildPhase section */

/* Begin PBXVariantGroup section */
		02FC4C891E166B1B00E1EF61 /* LaunchScreen.storyboard */ = {
			isa = PBXVariantGroup;
			children = (
				02FC4C8A1E166B1B00E1EF61 /* Base */,
			);
			name = LaunchScreen.storyboard;
			sourceTree = "<group>";
		};
/* End PBXVariantGroup section */

/* Begin XCBuildConfiguration section */
		02FC4C8D1E166B1B00E1EF61 /* Debug */ = {
			isa = XCBuildConfiguration;
			buildSettings = {
				ALWAYS_EMBED_SWIFT_STANDARD_LIBRARIES = NO;
				ALWAYS_SEARCH_USER_PATHS = NO;
				CLANG_ANALYZER_NONNULL = YES;
				CLANG_CXX_LANGUAGE_STANDARD = "gnu++0x";
				CLANG_CXX_LIBRARY = "libc++";
				CLANG_ENABLE_MODULES = YES;
				CLANG_ENABLE_OBJC_ARC = YES;
				CLANG_WARN_BOOL_CONVERSION = YES;
				CLANG_WARN_CONSTANT_CONVERSION = YES;
				CLANG_WARN_DIRECT_OBJC_ISA_USAGE = YES_ERROR;
				CLANG_WARN_DOCUMENTATION_COMMENTS = YES;
				CLANG_WARN_EMPTY_BODY = YES;
				CLANG_WARN_ENUM_CONVERSION = YES;
				CLANG_WARN_INFINITE_RECURSION = YES;
				CLANG_WARN_INT_CONVERSION = YES;
				CLANG_WARN_OBJC_ROOT_CLASS = YES_ERROR;
				CLANG_WARN_SUSPICIOUS_MOVE = YES;
				CLANG_WARN_UNREACHABLE_CODE = YES;
				CLANG_WARN__DUPLICATE_METHOD_MATCH = YES;
				"CODE_SIGN_IDENTITY[sdk=iphoneos*]" = "iPhone Developer";
				COPY_PHASE_STRIP = NO;
				DEBUG_INFORMATION_FORMAT = dwarf;
				ENABLE_STRICT_OBJC_MSGSEND = YES;
				ENABLE_TESTABILITY = YES;
				GCC_C_LANGUAGE_STANDARD = gnu99;
				GCC_DYNAMIC_NO_PIC = NO;
				GCC_NO_COMMON_BLOCKS = YES;
				GCC_OPTIMIZATION_LEVEL = 0;
				GCC_PREPROCESSOR_DEFINITIONS = (
					"DEBUG=1",
					"$(inherited)",
				);
				GCC_WARN_64_TO_32_BIT_CONVERSION = YES;
				GCC_WARN_ABOUT_RETURN_TYPE = YES_ERROR;
				GCC_WARN_UNDECLARED_SELECTOR = YES;
				GCC_WARN_UNINITIALIZED_AUTOS = YES_AGGRESSIVE;
				GCC_WARN_UNUSED_FUNCTION = YES;
				GCC_WARN_UNUSED_VARIABLE = YES;
				IPHONEOS_DEPLOYMENT_TARGET = 10.0;
				MTL_ENABLE_DEBUG_INFO = YES;
				ONLY_ACTIVE_ARCH = YES;
				SDKROOT = iphoneos;
				SWIFT_ACTIVE_COMPILATION_CONDITIONS = DEBUG;
				SWIFT_OPTIMIZATION_LEVEL = "-Onone";
			};
			name = Debug;
		};
		02FC4C8E1E166B1B00E1EF61 /* Release */ = {
			isa = XCBuildConfiguration;
			buildSettings = {
				ALWAYS_EMBED_SWIFT_STANDARD_LIBRARIES = NO;
				ALWAYS_SEARCH_USER_PATHS = NO;
				CLANG_ANALYZER_NONNULL = YES;
				CLANG_CXX_LANGUAGE_STANDARD = "gnu++0x";
				CLANG_CXX_LIBRARY = "libc++";
				CLANG_ENABLE_MODULES = YES;
				CLANG_ENABLE_OBJC_ARC = YES;
				CLANG_WARN_BOOL_CONVERSION = YES;
				CLANG_WARN_CONSTANT_CONVERSION = YES;
				CLANG_WARN_DIRECT_OBJC_ISA_USAGE = YES_ERROR;
				CLANG_WARN_DOCUMENTATION_COMMENTS = YES;
				CLANG_WARN_EMPTY_BODY = YES;
				CLANG_WARN_ENUM_CONVERSION = YES;
				CLANG_WARN_INFINITE_RECURSION = YES;
				CLANG_WARN_INT_CONVERSION = YES;
				CLANG_WARN_OBJC_ROOT_CLASS = YES_ERROR;
				CLANG_WARN_SUSPICIOUS_MOVE = YES;
				CLANG_WARN_UNREACHABLE_CODE = YES;
				CLANG_WARN__DUPLICATE_METHOD_MATCH = YES;
				"CODE_SIGN_IDENTITY[sdk=iphoneos*]" = "iPhone Developer";
				COPY_PHASE_STRIP = NO;
				DEBUG_INFORMATION_FORMAT = "dwarf-with-dsym";
				ENABLE_NS_ASSERTIONS = NO;
				ENABLE_STRICT_OBJC_MSGSEND = YES;
				GCC_C_LANGUAGE_STANDARD = gnu99;
				GCC_NO_COMMON_BLOCKS = YES;
				GCC_WARN_64_TO_32_BIT_CONVERSION = YES;
				GCC_WARN_ABOUT_RETURN_TYPE = YES_ERROR;
				GCC_WARN_UNDECLARED_SELECTOR = YES;
				GCC_WARN_UNINITIALIZED_AUTOS = YES_AGGRESSIVE;
				GCC_WARN_UNUSED_FUNCTION = YES;
				GCC_WARN_UNUSED_VARIABLE = YES;
				IPHONEOS_DEPLOYMENT_TARGET = 10.0;
				MTL_ENABLE_DEBUG_INFO = NO;
				SDKROOT = iphoneos;
				SWIFT_OPTIMIZATION_LEVEL = "-Owholemodule";
				VALIDATE_PRODUCT = YES;
			};
			name = Release;
		};
		02FC4C901E166B1B00E1EF61 /* Debug */ = {
			isa = XCBuildConfiguration;
			baseConfigurationReference = 7E001633EDC68637FE8613D3 /* Pods-SwiftStudio.debug.xcconfig */;
			buildSettings = {
				ALWAYS_EMBED_SWIFT_STANDARD_LIBRARIES = "$(inherited)";
				ASSETCATALOG_COMPILER_APPICON_NAME = AppIcon;
				DEVELOPMENT_TEAM = "";
				INFOPLIST_FILE = SwiftStudio/Info.plist;
				IPHONEOS_DEPLOYMENT_TARGET = 10.0;
				LD_RUNPATH_SEARCH_PATHS = "$(inherited) @executable_path/Frameworks";
				OTHER_SWIFT_FLAGS = "$(inherited) \"-D\" \"COCOAPODS\" -Xfrontend -debug-time-function-bodies";
				PRODUCT_BUNDLE_IDENTIFIER = com.swift.SwiftStudio;
				PRODUCT_NAME = "$(TARGET_NAME)";
				SWIFT_VERSION = 3.0;
			};
			name = Debug;
		};
		02FC4C911E166B1B00E1EF61 /* Release */ = {
			isa = XCBuildConfiguration;
			baseConfigurationReference = 00886F2C53CE8FE7124D7783 /* Pods-SwiftStudio.release.xcconfig */;
			buildSettings = {
				ALWAYS_EMBED_SWIFT_STANDARD_LIBRARIES = "$(inherited)";
				ASSETCATALOG_COMPILER_APPICON_NAME = AppIcon;
				DEVELOPMENT_TEAM = "";
				INFOPLIST_FILE = SwiftStudio/Info.plist;
				IPHONEOS_DEPLOYMENT_TARGET = 10.0;
				LD_RUNPATH_SEARCH_PATHS = "$(inherited) @executable_path/Frameworks";
				OTHER_SWIFT_FLAGS = "$(inherited) \"-D\" \"COCOAPODS\" -Xfrontend -debug-time-function-bodies";
				PRODUCT_BUNDLE_IDENTIFIER = com.swift.SwiftStudio;
				PRODUCT_NAME = "$(TARGET_NAME)";
				SWIFT_VERSION = 3.0;
			};
			name = Release;
		};
/* End XCBuildConfiguration section */

/* Begin XCConfigurationList section */
		02FC4C781E166B1B00E1EF61 /* Build configuration list for PBXProject "SwiftStudio" */ = {
			isa = XCConfigurationList;
			buildConfigurations = (
				02FC4C8D1E166B1B00E1EF61 /* Debug */,
				02FC4C8E1E166B1B00E1EF61 /* Release */,
			);
			defaultConfigurationIsVisible = 0;
			defaultConfigurationName = Release;
		};
		02FC4C8F1E166B1B00E1EF61 /* Build configuration list for PBXNativeTarget "SwiftStudio" */ = {
			isa = XCConfigurationList;
			buildConfigurations = (
				02FC4C901E166B1B00E1EF61 /* Debug */,
				02FC4C911E166B1B00E1EF61 /* Release */,
			);
			defaultConfigurationIsVisible = 0;
			defaultConfigurationName = Release;
		};
/* End XCConfigurationList section */
	};
	rootObject = 02FC4C751E166B1B00E1EF61 /* Project object */;
}
