// !$*UTF8*$!
{
	archiveVersion = 1;
	classes = {
	};
	objectVersion = 46;
	objects = {

/* Begin PBXBuildFile section */
		02FC4C811E166B1B00E1EF61 /* AppDelegate.swift in Sources */ = {isa = PBXBuildFile; fileRef = 02FC4C801E166B1B00E1EF61 /* AppDelegate.swift */; };
		02FC4C831E166B1B00E1EF61 /* ViewController.swift in Sources */ = {isa = PBXBuildFile; fileRef = 02FC4C821E166B1B00E1EF61 /* ViewController.swift */; };
		02FC4C861E166B1B00E1EF61 /* Main.storyboard in Resources */ = {isa = PBXBuildFile; fileRef = 02FC4C841E166B1B00E1EF61 /* Main.storyboard */; };
		02FC4C881E166B1B00E1EF61 /* Assets.xcassets in Resources */ = {isa = PBXBuildFile; fileRef = 02FC4C871E166B1B00E1EF61 /* Assets.xcassets */; };
		02FC4C8B1E166B1B00E1EF61 /* LaunchScreen.storyboard in Resources */ = {isa = PBXBuildFile; fileRef = 02FC4C891E166B1B00E1EF61 /* LaunchScreen.storyboard */; };
		8E408EF41E1FD07A00A7B38C /* ChatViewController.swift in Sources */ = {isa = PBXBuildFile; fileRef = 8E408EEC1E1FD07A00A7B38C /* ChatViewController.swift */; };
		8E408EF51E1FD07A00A7B38C /* CustomButton.swift in Sources */ = {isa = PBXBuildFile; fileRef = 8E408EED1E1FD07A00A7B38C /* CustomButton.swift */; };
		8E408EF61E1FD07A00A7B38C /* CustomNavigationSegue.swift in Sources */ = {isa = PBXBuildFile; fileRef = 8E408EEE1E1FD07A00A7B38C /* CustomNavigationSegue.swift */; };
		8E408EF71E1FD07A00A7B38C /* CustomTabBarController.swift in Sources */ = {isa = PBXBuildFile; fileRef = 8E408EEF1E1FD07A00A7B38C /* CustomTabBarController.swift */; };
		8E408EF81E1FD07A00A7B38C /* MainViewController.swift in Sources */ = {isa = PBXBuildFile; fileRef = 8E408EF01E1FD07A00A7B38C /* MainViewController.swift */; };
		8E408EF91E1FD07A00A7B38C /* MileStone.storyboard in Resources */ = {isa = PBXBuildFile; fileRef = 8E408EF11E1FD07A00A7B38C /* MileStone.storyboard */; };
		8E408EFA1E1FD07A00A7B38C /* Setting.storyboard in Resources */ = {isa = PBXBuildFile; fileRef = 8E408EF21E1FD07A00A7B38C /* Setting.storyboard */; };
		8E408EFB1E1FD07A00A7B38C /* UserList.storyboard in Resources */ = {isa = PBXBuildFile; fileRef = 8E408EF31E1FD07A00A7B38C /* UserList.storyboard */; };
		8E408EFF1E1FD63F00A7B38C /* Board.storyboard in Resources */ = {isa = PBXBuildFile; fileRef = 8E408EFE1E1FD63F00A7B38C /* Board.storyboard */; };
		8E408F011E1FD6F000A7B38C /* user.png in Resources */ = {isa = PBXBuildFile; fileRef = 8E408F001E1FD6F000A7B38C /* user.png */; };
		8E408F061E1FF2F100A7B38C /* LoginViewController.swift in Sources */ = {isa = PBXBuildFile; fileRef = 8E408F051E1FF2F100A7B38C /* LoginViewController.swift */; };
		8E408F081E1FF8AE00A7B38C /* more@3x.png in Resources */ = {isa = PBXBuildFile; fileRef = 8E408F071E1FF8AE00A7B38C /* more@3x.png */; };
		8E408F0A1E1FF8B900A7B38C /* search@3x.png in Resources */ = {isa = PBXBuildFile; fileRef = 8E408F091E1FF8B900A7B38C /* search@3x.png */; };
		8E408F0C1E1FF8C500A7B38C /* Checkmark@3x.png in Resources */ = {isa = PBXBuildFile; fileRef = 8E408F0B1E1FF8C500A7B38C /* Checkmark@3x.png */; };
		8E408F0E1E1FF8D900A7B38C /* List@3x.png in Resources */ = {isa = PBXBuildFile; fileRef = 8E408F0D1E1FF8D900A7B38C /* List@3x.png */; };
		8E408F101E1FF8E900A7B38C /* Settings.png in Resources */ = {isa = PBXBuildFile; fileRef = 8E408F0F1E1FF8E900A7B38C /* Settings.png */; };
		8E408F121E1FF91B00A7B38C /* chatCompose@3x.png in Resources */ = {isa = PBXBuildFile; fileRef = 8E408F111E1FF91B00A7B38C /* chatCompose@3x.png */; };
/* End PBXBuildFile section */

/* Begin PBXFileReference section */
		02FC4C7D1E166B1B00E1EF61 /* SwiftStudio.app */ = {isa = PBXFileReference; explicitFileType = wrapper.application; includeInIndex = 0; path = SwiftStudio.app; sourceTree = BUILT_PRODUCTS_DIR; };
		02FC4C801E166B1B00E1EF61 /* AppDelegate.swift */ = {isa = PBXFileReference; lastKnownFileType = sourcecode.swift; path = AppDelegate.swift; sourceTree = "<group>"; };
		02FC4C821E166B1B00E1EF61 /* ViewController.swift */ = {isa = PBXFileReference; lastKnownFileType = sourcecode.swift; path = ViewController.swift; sourceTree = "<group>"; };
		02FC4C851E166B1B00E1EF61 /* Base */ = {isa = PBXFileReference; lastKnownFileType = file.storyboard; name = Base; path = Base.lproj/Main.storyboard; sourceTree = "<group>"; };
		02FC4C871E166B1B00E1EF61 /* Assets.xcassets */ = {isa = PBXFileReference; lastKnownFileType = folder.assetcatalog; path = Assets.xcassets; sourceTree = "<group>"; };
		02FC4C8A1E166B1B00E1EF61 /* Base */ = {isa = PBXFileReference; lastKnownFileType = file.storyboard; name = Base; path = Base.lproj/LaunchScreen.storyboard; sourceTree = "<group>"; };
		02FC4C8C1E166B1B00E1EF61 /* Info.plist */ = {isa = PBXFileReference; lastKnownFileType = text.plist.xml; path = Info.plist; sourceTree = "<group>"; };
		8E408EEC1E1FD07A00A7B38C /* ChatViewController.swift */ = {isa = PBXFileReference; fileEncoding = 4; lastKnownFileType = sourcecode.swift; path = ChatViewController.swift; sourceTree = "<group>"; };
		8E408EED1E1FD07A00A7B38C /* CustomButton.swift */ = {isa = PBXFileReference; fileEncoding = 4; lastKnownFileType = sourcecode.swift; path = CustomButton.swift; sourceTree = "<group>"; };
		8E408EEE1E1FD07A00A7B38C /* CustomNavigationSegue.swift */ = {isa = PBXFileReference; fileEncoding = 4; lastKnownFileType = sourcecode.swift; path = CustomNavigationSegue.swift; sourceTree = "<group>"; };
		8E408EEF1E1FD07A00A7B38C /* CustomTabBarController.swift */ = {isa = PBXFileReference; fileEncoding = 4; lastKnownFileType = sourcecode.swift; path = CustomTabBarController.swift; sourceTree = "<group>"; };
		8E408EF01E1FD07A00A7B38C /* MainViewController.swift */ = {isa = PBXFileReference; fileEncoding = 4; lastKnownFileType = sourcecode.swift; path = MainViewController.swift; sourceTree = "<group>"; };
		8E408EF11E1FD07A00A7B38C /* MileStone.storyboard */ = {isa = PBXFileReference; fileEncoding = 4; lastKnownFileType = file.storyboard; path = MileStone.storyboard; sourceTree = "<group>"; };
		8E408EF21E1FD07A00A7B38C /* Setting.storyboard */ = {isa = PBXFileReference; fileEncoding = 4; lastKnownFileType = file.storyboard; path = Setting.storyboard; sourceTree = "<group>"; };
		8E408EF31E1FD07A00A7B38C /* UserList.storyboard */ = {isa = PBXFileReference; fileEncoding = 4; lastKnownFileType = file.storyboard; path = UserList.storyboard; sourceTree = "<group>"; };
		8E408EFE1E1FD63F00A7B38C /* Board.storyboard */ = {isa = PBXFileReference; fileEncoding = 4; lastKnownFileType = file.storyboard; path = Board.storyboard; sourceTree = "<group>"; };
		8E408F001E1FD6F000A7B38C /* user.png */ = {isa = PBXFileReference; lastKnownFileType = image.png; path = user.png; sourceTree = "<group>"; };
		8E408F051E1FF2F100A7B38C /* LoginViewController.swift */ = {isa = PBXFileReference; fileEncoding = 4; lastKnownFileType = sourcecode.swift; path = LoginViewController.swift; sourceTree = "<group>"; };
		8E408F071E1FF8AE00A7B38C /* more@3x.png */ = {isa = PBXFileReference; lastKnownFileType = image.png; path = "more@3x.png"; sourceTree = "<group>"; };
		8E408F091E1FF8B900A7B38C /* search@3x.png */ = {isa = PBXFileReference; lastKnownFileType = image.png; path = "search@3x.png"; sourceTree = "<group>"; };
		8E408F0B1E1FF8C500A7B38C /* Checkmark@3x.png */ = {isa = PBXFileReference; lastKnownFileType = image.png; path = "Checkmark@3x.png"; sourceTree = "<group>"; };
		8E408F0D1E1FF8D900A7B38C /* List@3x.png */ = {isa = PBXFileReference; lastKnownFileType = image.png; path = "List@3x.png"; sourceTree = "<group>"; };
		8E408F0F1E1FF8E900A7B38C /* Settings.png */ = {isa = PBXFileReference; lastKnownFileType = image.png; path = Settings.png; sourceTree = "<group>"; };
		8E408F111E1FF91B00A7B38C /* chatCompose@3x.png */ = {isa = PBXFileReference; lastKnownFileType = image.png; path = "chatCompose@3x.png"; sourceTree = "<group>"; };
/* End PBXFileReference section */

/* Begin PBXFrameworksBuildPhase section */
		02FC4C7A1E166B1B00E1EF61 /* Frameworks */ = {
			isa = PBXFrameworksBuildPhase;
			buildActionMask = 2147483647;
			files = (
			);
			runOnlyForDeploymentPostprocessing = 0;
		};
/* End PBXFrameworksBuildPhase section */

/* Begin PBXGroup section */
		02FC4C741E166B1B00E1EF61 = {
			isa = PBXGroup;
			children = (
				02FC4C7F1E166B1B00E1EF61 /* SwiftStudio */,
				02FC4C7E1E166B1B00E1EF61 /* Products */,
			);
			sourceTree = "<group>";
		};
		02FC4C7E1E166B1B00E1EF61 /* Products */ = {
			isa = PBXGroup;
			children = (
				02FC4C7D1E166B1B00E1EF61 /* SwiftStudio.app */,
			);
			name = Products;
			sourceTree = "<group>";
		};
		02FC4C7F1E166B1B00E1EF61 /* SwiftStudio */ = {
			isa = PBXGroup;
			children = (
				02FC4C801E166B1B00E1EF61 /* AppDelegate.swift */,
				02FC4C8C1E166B1B00E1EF61 /* Info.plist */,
				8E408EE91E1FCFEC00A7B38C /* Image */,
				8E408EE81E1FCFD700A7B38C /* StoryBoard */,
				8E408F021E1FD87500A7B38C /* View */,
			);
			path = SwiftStudio;
			sourceTree = "<group>";
		};
		8E408EE81E1FCFD700A7B38C /* StoryBoard */ = {
			isa = PBXGroup;
			children = (
				8E408EFE1E1FD63F00A7B38C /* Board.storyboard */,
				8E408EF11E1FD07A00A7B38C /* MileStone.storyboard */,
				8E408EF21E1FD07A00A7B38C /* Setting.storyboard */,
				8E408EF31E1FD07A00A7B38C /* UserList.storyboard */,
				02FC4C891E166B1B00E1EF61 /* LaunchScreen.storyboard */,
				02FC4C841E166B1B00E1EF61 /* Main.storyboard */,
			);
			name = StoryBoard;
			sourceTree = "<group>";
		};
		8E408EE91E1FCFEC00A7B38C /* Image */ = {
			isa = PBXGroup;
			children = (
				02FC4C871E166B1B00E1EF61 /* Assets.xcassets */,
				8E408F001E1FD6F000A7B38C /* user.png */,
				8E408F071E1FF8AE00A7B38C /* more@3x.png */,
				8E408F091E1FF8B900A7B38C /* search@3x.png */,
				8E408F0B1E1FF8C500A7B38C /* Checkmark@3x.png */,
				8E408F0D1E1FF8D900A7B38C /* List@3x.png */,
				8E408F0F1E1FF8E900A7B38C /* Settings.png */,
				8E408F111E1FF91B00A7B38C /* chatCompose@3x.png */,
			);
			name = Image;
			sourceTree = "<group>";
		};
		8E408EEB1E1FD00B00A7B38C /* Custom */ = {
			isa = PBXGroup;
			children = (
				8E408EED1E1FD07A00A7B38C /* CustomButton.swift */,
				8E408EEE1E1FD07A00A7B38C /* CustomNavigationSegue.swift */,
				8E408EEF1E1FD07A00A7B38C /* CustomTabBarController.swift */,
			);
			name = Custom;
			sourceTree = "<group>";
		};
		8E408F021E1FD87500A7B38C /* View */ = {
			isa = PBXGroup;
			children = (
				8E408F031E1FF19500A7B38C /* View */,
				8E408EEB1E1FD00B00A7B38C /* Custom */,
				8E408F041E1FF19C00A7B38C /* SubView */,
			);
			name = View;
			sourceTree = "<group>";
		};
		8E408F031E1FF19500A7B38C /* View */ = {
			isa = PBXGroup;
			children = (
				8E408F051E1FF2F100A7B38C /* LoginViewController.swift */,
				02FC4C821E166B1B00E1EF61 /* ViewController.swift */,
				8E408EF01E1FD07A00A7B38C /* MainViewController.swift */,
			);
			name = View;
			sourceTree = "<group>";
		};
		8E408F041E1FF19C00A7B38C /* SubView */ = {
			isa = PBXGroup;
			children = (
				8E408EEC1E1FD07A00A7B38C /* ChatViewController.swift */,
			);
			name = SubView;
			sourceTree = "<group>";
		};
/* End PBXGroup section */

/* Begin PBXNativeTarget section */
		02FC4C7C1E166B1B00E1EF61 /* SwiftStudio */ = {
			isa = PBXNativeTarget;
			buildConfigurationList = 02FC4C8F1E166B1B00E1EF61 /* Build configuration list for PBXNativeTarget "SwiftStudio" */;
			buildPhases = (
				02FC4C791E166B1B00E1EF61 /* Sources */,
				02FC4C7A1E166B1B00E1EF61 /* Frameworks */,
				02FC4C7B1E166B1B00E1EF61 /* Resources */,
			);
			buildRules = (
			);
			dependencies = (
			);
			name = SwiftStudio;
			productName = SwiftStudio;
			productReference = 02FC4C7D1E166B1B00E1EF61 /* SwiftStudio.app */;
			productType = "com.apple.product-type.application";
		};
/* End PBXNativeTarget section */

/* Begin PBXProject section */
		02FC4C751E166B1B00E1EF61 /* Project object */ = {
			isa = PBXProject;
			attributes = {
				LastSwiftUpdateCheck = 0820;
				LastUpgradeCheck = 0820;
				ORGANIZATIONNAME = swift;
				TargetAttributes = {
					02FC4C7C1E166B1B00E1EF61 = {
						CreatedOnToolsVersion = 8.2.1;
						ProvisioningStyle = Automatic;
					};
				};
			};
			buildConfigurationList = 02FC4C781E166B1B00E1EF61 /* Build configuration list for PBXProject "SwiftStudio" */;
			compatibilityVersion = "Xcode 3.2";
			developmentRegion = English;
			hasScannedForEncodings = 0;
			knownRegions = (
				en,
				Base,
			);
			mainGroup = 02FC4C741E166B1B00E1EF61;
			productRefGroup = 02FC4C7E1E166B1B00E1EF61 /* Products */;
			projectDirPath = "";
			projectRoot = "";
			targets = (
				02FC4C7C1E166B1B00E1EF61 /* SwiftStudio */,
			);
		};
/* End PBXProject section */

/* Begin PBXResourcesBuildPhase section */
		02FC4C7B1E166B1B00E1EF61 /* Resources */ = {
			isa = PBXResourcesBuildPhase;
			buildActionMask = 2147483647;
			files = (
				02FC4C8B1E166B1B00E1EF61 /* LaunchScreen.storyboard in Resources */,
				02FC4C881E166B1B00E1EF61 /* Assets.xcassets in Resources */,
				8E408EFF1E1FD63F00A7B38C /* Board.storyboard in Resources */,
				8E408F0A1E1FF8B900A7B38C /* search@3x.png in Resources */,
				8E408F081E1FF8AE00A7B38C /* more@3x.png in Resources */,
				8E408EFA1E1FD07A00A7B38C /* Setting.storyboard in Resources */,
				8E408F121E1FF91B00A7B38C /* chatCompose@3x.png in Resources */,
				8E408EFB1E1FD07A00A7B38C /* UserList.storyboard in Resources */,
				02FC4C861E166B1B00E1EF61 /* Main.storyboard in Resources */,
				8E408EF91E1FD07A00A7B38C /* MileStone.storyboard in Resources */,
				8E408F0E1E1FF8D900A7B38C /* List@3x.png in Resources */,
				8E408F101E1FF8E900A7B38C /* Settings.png in Resources */,
				8E408F0C1E1FF8C500A7B38C /* Checkmark@3x.png in Resources */,
				8E408F011E1FD6F000A7B38C /* user.png in Resources */,
			);
			runOnlyForDeploymentPostprocessing = 0;
		};
/* End PBXResourcesBuildPhase section */

/* Begin PBXSourcesBuildPhase section */
		02FC4C791E166B1B00E1EF61 /* Sources */ = {
			isa = PBXSourcesBuildPhase;
			buildActionMask = 2147483647;
			files = (
				8E408EF81E1FD07A00A7B38C /* MainViewController.swift in Sources */,
				8E408EF61E1FD07A00A7B38C /* CustomNavigationSegue.swift in Sources */,
				8E408EF51E1FD07A00A7B38C /* CustomButton.swift in Sources */,
				8E408EF71E1FD07A00A7B38C /* CustomTabBarController.swift in Sources */,
				8E408F061E1FF2F100A7B38C /* LoginViewController.swift in Sources */,
				02FC4C831E166B1B00E1EF61 /* ViewController.swift in Sources */,
				8E408EF41E1FD07A00A7B38C /* ChatViewController.swift in Sources */,
				02FC4C811E166B1B00E1EF61 /* AppDelegate.swift in Sources */,
			);
			runOnlyForDeploymentPostprocessing = 0;
		};
/* End PBXSourcesBuildPhase section */

/* Begin PBXVariantGroup section */
		02FC4C841E166B1B00E1EF61 /* Main.storyboard */ = {
			isa = PBXVariantGroup;
			children = (
				02FC4C851E166B1B00E1EF61 /* Base */,
			);
			name = Main.storyboard;
			sourceTree = "<group>";
		};
		02FC4C891E166B1B00E1EF61 /* LaunchScreen.storyboard */ = {
			isa = PBXVariantGroup;
			children = (
				02FC4C8A1E166B1B00E1EF61 /* Base */,
			);
			name = LaunchScreen.storyboard;
			sourceTree = "<group>";
		};
/* End PBXVariantGroup section */

/* Begin XCBuildConfiguration section */
		02FC4C8D1E166B1B00E1EF61 /* Debug */ = {
			isa = XCBuildConfiguration;
			buildSettings = {
				ALWAYS_SEARCH_USER_PATHS = NO;
				CLANG_ANALYZER_NONNULL = YES;
				CLANG_CXX_LANGUAGE_STANDARD = "gnu++0x";
				CLANG_CXX_LIBRARY = "libc++";
				CLANG_ENABLE_MODULES = YES;
				CLANG_ENABLE_OBJC_ARC = YES;
				CLANG_WARN_BOOL_CONVERSION = YES;
				CLANG_WARN_CONSTANT_CONVERSION = YES;
				CLANG_WARN_DIRECT_OBJC_ISA_USAGE = YES_ERROR;
				CLANG_WARN_DOCUMENTATION_COMMENTS = YES;
				CLANG_WARN_EMPTY_BODY = YES;
				CLANG_WARN_ENUM_CONVERSION = YES;
				CLANG_WARN_INFINITE_RECURSION = YES;
				CLANG_WARN_INT_CONVERSION = YES;
				CLANG_WARN_OBJC_ROOT_CLASS = YES_ERROR;
				CLANG_WARN_SUSPICIOUS_MOVE = YES;
				CLANG_WARN_UNREACHABLE_CODE = YES;
				CLANG_WARN__DUPLICATE_METHOD_MATCH = YES;
				"CODE_SIGN_IDENTITY[sdk=iphoneos*]" = "iPhone Developer";
				COPY_PHASE_STRIP = NO;
				DEBUG_INFORMATION_FORMAT = dwarf;
				ENABLE_STRICT_OBJC_MSGSEND = YES;
				ENABLE_TESTABILITY = YES;
				GCC_C_LANGUAGE_STANDARD = gnu99;
				GCC_DYNAMIC_NO_PIC = NO;
				GCC_NO_COMMON_BLOCKS = YES;
				GCC_OPTIMIZATION_LEVEL = 0;
				GCC_PREPROCESSOR_DEFINITIONS = (
					"DEBUG=1",
					"$(inherited)",
				);
				GCC_WARN_64_TO_32_BIT_CONVERSION = YES;
				GCC_WARN_ABOUT_RETURN_TYPE = YES_ERROR;
				GCC_WARN_UNDECLARED_SELECTOR = YES;
				GCC_WARN_UNINITIALIZED_AUTOS = YES_AGGRESSIVE;
				GCC_WARN_UNUSED_FUNCTION = YES;
				GCC_WARN_UNUSED_VARIABLE = YES;
				IPHONEOS_DEPLOYMENT_TARGET = 10.2;
				MTL_ENABLE_DEBUG_INFO = YES;
				ONLY_ACTIVE_ARCH = YES;
				SDKROOT = iphoneos;
				SWIFT_ACTIVE_COMPILATION_CONDITIONS = DEBUG;
				SWIFT_OPTIMIZATION_LEVEL = "-Onone";
			};
			name = Debug;
		};
		02FC4C8E1E166B1B00E1EF61 /* Release */ = {
			isa = XCBuildConfiguration;
			buildSettings = {
				ALWAYS_SEARCH_USER_PATHS = NO;
				CLANG_ANALYZER_NONNULL = YES;
				CLANG_CXX_LANGUAGE_STANDARD = "gnu++0x";
				CLANG_CXX_LIBRARY = "libc++";
				CLANG_ENABLE_MODULES = YES;
				CLANG_ENABLE_OBJC_ARC = YES;
				CLANG_WARN_BOOL_CONVERSION = YES;
				CLANG_WARN_CONSTANT_CONVERSION = YES;
				CLANG_WARN_DIRECT_OBJC_ISA_USAGE = YES_ERROR;
				CLANG_WARN_DOCUMENTATION_COMMENTS = YES;
				CLANG_WARN_EMPTY_BODY = YES;
				CLANG_WARN_ENUM_CONVERSION = YES;
				CLANG_WARN_INFINITE_RECURSION = YES;
				CLANG_WARN_INT_CONVERSION = YES;
				CLANG_WARN_OBJC_ROOT_CLASS = YES_ERROR;
				CLANG_WARN_SUSPICIOUS_MOVE = YES;
				CLANG_WARN_UNREACHABLE_CODE = YES;
				CLANG_WARN__DUPLICATE_METHOD_MATCH = YES;
				"CODE_SIGN_IDENTITY[sdk=iphoneos*]" = "iPhone Developer";
				COPY_PHASE_STRIP = NO;
				DEBUG_INFORMATION_FORMAT = "dwarf-with-dsym";
				ENABLE_NS_ASSERTIONS = NO;
				ENABLE_STRICT_OBJC_MSGSEND = YES;
				GCC_C_LANGUAGE_STANDARD = gnu99;
				GCC_NO_COMMON_BLOCKS = YES;
				GCC_WARN_64_TO_32_BIT_CONVERSION = YES;
				GCC_WARN_ABOUT_RETURN_TYPE = YES_ERROR;
				GCC_WARN_UNDECLARED_SELECTOR = YES;
				GCC_WARN_UNINITIALIZED_AUTOS = YES_AGGRESSIVE;
				GCC_WARN_UNUSED_FUNCTION = YES;
				GCC_WARN_UNUSED_VARIABLE = YES;
				IPHONEOS_DEPLOYMENT_TARGET = 10.2;
				MTL_ENABLE_DEBUG_INFO = NO;
				SDKROOT = iphoneos;
				SWIFT_OPTIMIZATION_LEVEL = "-Owholemodule";
				VALIDATE_PRODUCT = YES;
			};
			name = Release;
		};
		02FC4C901E166B1B00E1EF61 /* Debug */ = {
			isa = XCBuildConfiguration;
			buildSettings = {
				ASSETCATALOG_COMPILER_APPICON_NAME = AppIcon;
				INFOPLIST_FILE = SwiftStudio/Info.plist;
				LD_RUNPATH_SEARCH_PATHS = "$(inherited) @executable_path/Frameworks";
				PRODUCT_BUNDLE_IDENTIFIER = com.swift.SwiftStudio;
				PRODUCT_NAME = "$(TARGET_NAME)";
				SWIFT_VERSION = 3.0;
			};
			name = Debug;
		};
		02FC4C911E166B1B00E1EF61 /* Release */ = {
			isa = XCBuildConfiguration;
			buildSettings = {
				ASSETCATALOG_COMPILER_APPICON_NAME = AppIcon;
				INFOPLIST_FILE = SwiftStudio/Info.plist;
				LD_RUNPATH_SEARCH_PATHS = "$(inherited) @executable_path/Frameworks";
				PRODUCT_BUNDLE_IDENTIFIER = com.swift.SwiftStudio;
				PRODUCT_NAME = "$(TARGET_NAME)";
				SWIFT_VERSION = 3.0;
			};
			name = Release;
		};
/* End XCBuildConfiguration section */

/* Begin XCConfigurationList section */
		02FC4C781E166B1B00E1EF61 /* Build configuration list for PBXProject "SwiftStudio" */ = {
			isa = XCConfigurationList;
			buildConfigurations = (
				02FC4C8D1E166B1B00E1EF61 /* Debug */,
				02FC4C8E1E166B1B00E1EF61 /* Release */,
			);
			defaultConfigurationIsVisible = 0;
			defaultConfigurationName = Release;
		};
		02FC4C8F1E166B1B00E1EF61 /* Build configuration list for PBXNativeTarget "SwiftStudio" */ = {
			isa = XCConfigurationList;
			buildConfigurations = (
				02FC4C901E166B1B00E1EF61 /* Debug */,
				02FC4C911E166B1B00E1EF61 /* Release */,
			);
			defaultConfigurationIsVisible = 0;
			defaultConfigurationName = Release;
		};
/* End XCConfigurationList section */
	};
	rootObject = 02FC4C751E166B1B00E1EF61 /* Project object */;
}
